
Microsoft Visual Studio Solution File, Format Version 12.00
# Visual Studio Version 17
VisualStudioVersion = 17.8.34330.188
MinimumVisualStudioVersion = 10.0.40219.1
Project("{2150E333-8FDC-42A3-9474-1A3956D46DE8}") = "src", "src", "{2F3F3AAD-1659-49EF-942B-F0CF5B9E9F4B}"
EndProject
Project("{2150E333-8FDC-42A3-9474-1A3956D46DE8}") = "tests", "tests", "{47A3A027-45D0-44EA-95F2-D775D0C97686}"
EndProject
Project("{2150E333-8FDC-42A3-9474-1A3956D46DE8}") = "WebApp", "WebApp", "{B58C021C-7297-48C9-9857-4B4C0E856CF4}"
EndProject
Project("{9A19103F-16F7-4668-BE54-9A1E7A4F7556}") = "BeamOS.WebApp", "src\BeamOS.WebApp\BeamOS.WebApp\BeamOS.WebApp.csproj", "{7A4E9672-9DD6-4C9A-A4D9-B901BEB0A0C6}"
EndProject
Project("{9A19103F-16F7-4668-BE54-9A1E7A4F7556}") = "BeamOS.WebApp.Client", "src\BeamOS.WebApp\BeamOS.WebApp.Client\BeamOS.WebApp.Client.csproj", "{4EEDEF6F-7AD0-49B5-87F8-3AA0DE9516A6}"
EndProject
Project("{2150E333-8FDC-42A3-9474-1A3956D46DE8}") = "Solution Items", "Solution Items", "{20B28576-25BC-4AB0-AC84-0E643706688B}"
	ProjectSection(SolutionItems) = preProject
		.editorconfig = .editorconfig
		.gitignore = .gitignore
		Directory.Build.props = Directory.Build.props
		Directory.Packages.props = Directory.Packages.props
		DirectStiffnessMethodCheatSheet.md = DirectStiffnessMethodCheatSheet.md
		.config\dotnet-tools.json = .config\dotnet-tools.json
		README.md = README.md
	EndProjectSection
EndProject
Project("{2150E333-8FDC-42A3-9474-1A3956D46DE8}") = "StructuralAnalysis", "StructuralAnalysis", "{AAA311E5-CD84-4E27-8F40-F82AE599D3E0}"
EndProject
Project("{9A19103F-16F7-4668-BE54-9A1E7A4F7556}") = "BeamOs.Contracts", "src\BeamOs.StructuralAnalysis\BeamOs.Contracts\BeamOs.Contracts.csproj", "{FD440DB4-B544-4C2F-AE21-1289B7DD300E}"
EndProject
Project("{9A19103F-16F7-4668-BE54-9A1E7A4F7556}") = "BeamOs.Application", "src\BeamOs.StructuralAnalysis\BeamOs.Application\BeamOs.Application.csproj", "{B41E58ED-E09D-455D-B5F6-3E0F2DC7E9A6}"
EndProject
Project("{9A19103F-16F7-4668-BE54-9A1E7A4F7556}") = "BeamOs.Infrastructure", "src\BeamOs.StructuralAnalysis\BeamOs.Infrastructure\BeamOs.Infrastructure.csproj", "{668B6107-6C64-4B34-B441-5704983CD9F4}"
EndProject
Project("{9A19103F-16F7-4668-BE54-9A1E7A4F7556}") = "BeamOs.Api", "src\BeamOs.StructuralAnalysis\BeamOs.Api\BeamOs.Api.csproj", "{7BC7D825-9C1A-495B-AE83-04D6823844C5}"
EndProject
Project("{9A19103F-16F7-4668-BE54-9A1E7A4F7556}") = "BeamOs.Domain", "src\BeamOs.StructuralAnalysis\BeamOs.Domain\BeamOs.Domain.csproj", "{2F728F70-0E8C-4333-8F1F-8A10F6EA3D9F}"
EndProject
Project("{9A19103F-16F7-4668-BE54-9A1E7A4F7556}") = "BeamOs.ApiClient", "src\BeamOs.StructuralAnalysis\BeamOs.ApiClient\BeamOs.ApiClient.csproj", "{F99C1F03-3C94-4B66-B2D5-A9E564BE31BC}"
EndProject
Project("{9A19103F-16F7-4668-BE54-9A1E7A4F7556}") = "BeamOS.Tests.Common", "tests\BeamOS.Tests.Common\BeamOS.Tests.Common.csproj", "{393DE989-D680-41F0-A840-C0A692DC4265}"
EndProject
Project("{2150E333-8FDC-42A3-9474-1A3956D46DE8}") = "StructuralAnalysis", "StructuralAnalysis", "{8833CB72-49BA-43E7-8827-FE58EADD0D92}"
EndProject
Project("{9A19103F-16F7-4668-BE54-9A1E7A4F7556}") = "BeamOs.Domain.UnitTests", "tests\StructuralAnalysis\BeamOs.Domain.UnitTests\BeamOs.Domain.UnitTests.csproj", "{C003F689-77F4-4AA3-A487-AEE3F7FE6E6B}"
EndProject
Project("{9A19103F-16F7-4668-BE54-9A1E7A4F7556}") = "BeamOs.Domain.IntegrationTests", "tests\StructuralAnalysis\BeamOs.Domain.IntegrationTests\BeamOs.Domain.IntegrationTests.csproj", "{A7E8BBC6-41A1-4321-B047-3A4B651557DE}"
EndProject
Project("{9A19103F-16F7-4668-BE54-9A1E7A4F7556}") = "BeamOs.Api.IntegrationTests", "tests\StructuralAnalysis\BeamOs.Api.IntegrationTests\BeamOs.Api.IntegrationTests.csproj", "{7F677B7F-7F65-40D0-8420-A446C225F832}"
EndProject
Project("{9A19103F-16F7-4668-BE54-9A1E7A4F7556}") = "BeamOs.Tests.TestRunner", "tests\BeamOs.Tests.TestRunner\BeamOs.Tests.TestRunner.csproj", "{A6627A57-F87E-4A33-8C8F-A919764D0B7B}"
EndProject
Project("{2150E333-8FDC-42A3-9474-1A3956D46DE8}") = "codeGen", "codeGen", "{FDE41AEB-4A12-4F40-B50F-18BD2E437796}"
EndProject
Project("{9A19103F-16F7-4668-BE54-9A1E7A4F7556}") = "BeamOs.CodeGen.TestResults", "codeGen\BeamOs.CodeGen.TestResults\BeamOs.CodeGen.TestResults.csproj", "{B37767F5-2DA7-4D16-B0B5-92FF197002E9}"
EndProject
Project("{2150E333-8FDC-42A3-9474-1A3956D46DE8}") = "Apis", "Apis", "{FBF4B9B2-FF9C-4F69-9E42-6FDC16DAACC9}"
EndProject
Project("{2150E333-8FDC-42A3-9474-1A3956D46DE8}") = "Common", "Common", "{FE5D3FD8-4840-4839-B980-1E8D457814D2}"
EndProject
Project("{9A19103F-16F7-4668-BE54-9A1E7A4F7556}") = "BeamOs.Common.Api", "src\BeamOs.Common\BeamOs.Common.Api\BeamOs.Common.Api.csproj", "{3580511C-19D4-4F47-8E40-2E1B6727F723}"
EndProject
Project("{9A19103F-16F7-4668-BE54-9A1E7A4F7556}") = "BeamOs.CodeGen.Apis", "codeGen\Apis\BeamOs.CodeGen.Apis\BeamOs.CodeGen.Apis.csproj", "{CDCD5893-4037-4D5A-B7B0-0260AC918E2C}"
EndProject
Project("{9A19103F-16F7-4668-BE54-9A1E7A4F7556}") = "BeamOs.CodeGen.Apis.Generator", "codeGen\Apis\BeamOs.CodeGen.Apis.Generator\BeamOs.CodeGen.Apis.Generator.csproj", "{3523FF89-0246-43A5-A73B-B291C366768B}"
EndProject
Project("{FAE04EC0-301F-11D3-BF4B-00C04F79EFBC}") = "BeamOs.CodeGen.Apis.EditorApi", "codeGen\Apis\BeamOs.CodeGen.Apis.EditorApi\BeamOs.CodeGen.Apis.EditorApi.csproj", "{69328938-D25C-46C6-B89F-B2C24A9C54E6}"
EndProject
Global
	GlobalSection(SolutionConfigurationPlatforms) = preSolution
		Debug|Any CPU = Debug|Any CPU
		GenerateClients|Any CPU = GenerateClients|Any CPU
		Release|Any CPU = Release|Any CPU
	EndGlobalSection
	GlobalSection(ProjectConfigurationPlatforms) = postSolution
		{7A4E9672-9DD6-4C9A-A4D9-B901BEB0A0C6}.Debug|Any CPU.ActiveCfg = Debug|Any CPU
		{7A4E9672-9DD6-4C9A-A4D9-B901BEB0A0C6}.Debug|Any CPU.Build.0 = Debug|Any CPU
		{7A4E9672-9DD6-4C9A-A4D9-B901BEB0A0C6}.GenerateClients|Any CPU.ActiveCfg = Debug|Any CPU
		{7A4E9672-9DD6-4C9A-A4D9-B901BEB0A0C6}.GenerateClients|Any CPU.Build.0 = Debug|Any CPU
		{7A4E9672-9DD6-4C9A-A4D9-B901BEB0A0C6}.Release|Any CPU.ActiveCfg = Release|Any CPU
		{7A4E9672-9DD6-4C9A-A4D9-B901BEB0A0C6}.Release|Any CPU.Build.0 = Release|Any CPU
		{4EEDEF6F-7AD0-49B5-87F8-3AA0DE9516A6}.Debug|Any CPU.ActiveCfg = Debug|Any CPU
		{4EEDEF6F-7AD0-49B5-87F8-3AA0DE9516A6}.Debug|Any CPU.Build.0 = Debug|Any CPU
		{4EEDEF6F-7AD0-49B5-87F8-3AA0DE9516A6}.GenerateClients|Any CPU.ActiveCfg = Debug|Any CPU
		{4EEDEF6F-7AD0-49B5-87F8-3AA0DE9516A6}.GenerateClients|Any CPU.Build.0 = Debug|Any CPU
		{4EEDEF6F-7AD0-49B5-87F8-3AA0DE9516A6}.Release|Any CPU.ActiveCfg = Release|Any CPU
		{4EEDEF6F-7AD0-49B5-87F8-3AA0DE9516A6}.Release|Any CPU.Build.0 = Release|Any CPU
		{FD440DB4-B544-4C2F-AE21-1289B7DD300E}.Debug|Any CPU.ActiveCfg = Debug|Any CPU
		{FD440DB4-B544-4C2F-AE21-1289B7DD300E}.Debug|Any CPU.Build.0 = Debug|Any CPU
		{FD440DB4-B544-4C2F-AE21-1289B7DD300E}.GenerateClients|Any CPU.ActiveCfg = Debug|Any CPU
		{FD440DB4-B544-4C2F-AE21-1289B7DD300E}.GenerateClients|Any CPU.Build.0 = Debug|Any CPU
		{FD440DB4-B544-4C2F-AE21-1289B7DD300E}.Release|Any CPU.ActiveCfg = Release|Any CPU
		{FD440DB4-B544-4C2F-AE21-1289B7DD300E}.Release|Any CPU.Build.0 = Release|Any CPU
		{B41E58ED-E09D-455D-B5F6-3E0F2DC7E9A6}.Debug|Any CPU.ActiveCfg = Debug|Any CPU
		{B41E58ED-E09D-455D-B5F6-3E0F2DC7E9A6}.Debug|Any CPU.Build.0 = Debug|Any CPU
		{B41E58ED-E09D-455D-B5F6-3E0F2DC7E9A6}.GenerateClients|Any CPU.ActiveCfg = Debug|Any CPU
		{B41E58ED-E09D-455D-B5F6-3E0F2DC7E9A6}.GenerateClients|Any CPU.Build.0 = Debug|Any CPU
		{B41E58ED-E09D-455D-B5F6-3E0F2DC7E9A6}.Release|Any CPU.ActiveCfg = Release|Any CPU
		{B41E58ED-E09D-455D-B5F6-3E0F2DC7E9A6}.Release|Any CPU.Build.0 = Release|Any CPU
		{668B6107-6C64-4B34-B441-5704983CD9F4}.Debug|Any CPU.ActiveCfg = Debug|Any CPU
		{668B6107-6C64-4B34-B441-5704983CD9F4}.Debug|Any CPU.Build.0 = Debug|Any CPU
		{668B6107-6C64-4B34-B441-5704983CD9F4}.GenerateClients|Any CPU.ActiveCfg = Debug|Any CPU
		{668B6107-6C64-4B34-B441-5704983CD9F4}.GenerateClients|Any CPU.Build.0 = Debug|Any CPU
		{668B6107-6C64-4B34-B441-5704983CD9F4}.Release|Any CPU.ActiveCfg = Release|Any CPU
		{668B6107-6C64-4B34-B441-5704983CD9F4}.Release|Any CPU.Build.0 = Release|Any CPU
		{7BC7D825-9C1A-495B-AE83-04D6823844C5}.Debug|Any CPU.ActiveCfg = Debug|Any CPU
		{7BC7D825-9C1A-495B-AE83-04D6823844C5}.Debug|Any CPU.Build.0 = Debug|Any CPU
		{7BC7D825-9C1A-495B-AE83-04D6823844C5}.GenerateClients|Any CPU.ActiveCfg = GenerateClients|Any CPU
		{7BC7D825-9C1A-495B-AE83-04D6823844C5}.GenerateClients|Any CPU.Build.0 = GenerateClients|Any CPU
		{7BC7D825-9C1A-495B-AE83-04D6823844C5}.Release|Any CPU.ActiveCfg = Release|Any CPU
		{7BC7D825-9C1A-495B-AE83-04D6823844C5}.Release|Any CPU.Build.0 = Release|Any CPU
		{2F728F70-0E8C-4333-8F1F-8A10F6EA3D9F}.Debug|Any CPU.ActiveCfg = Debug|Any CPU
		{2F728F70-0E8C-4333-8F1F-8A10F6EA3D9F}.Debug|Any CPU.Build.0 = Debug|Any CPU
		{2F728F70-0E8C-4333-8F1F-8A10F6EA3D9F}.GenerateClients|Any CPU.ActiveCfg = Debug|Any CPU
		{2F728F70-0E8C-4333-8F1F-8A10F6EA3D9F}.GenerateClients|Any CPU.Build.0 = Debug|Any CPU
		{2F728F70-0E8C-4333-8F1F-8A10F6EA3D9F}.Release|Any CPU.ActiveCfg = Release|Any CPU
		{2F728F70-0E8C-4333-8F1F-8A10F6EA3D9F}.Release|Any CPU.Build.0 = Release|Any CPU
		{F99C1F03-3C94-4B66-B2D5-A9E564BE31BC}.Debug|Any CPU.ActiveCfg = Debug|Any CPU
		{F99C1F03-3C94-4B66-B2D5-A9E564BE31BC}.Debug|Any CPU.Build.0 = Debug|Any CPU
		{F99C1F03-3C94-4B66-B2D5-A9E564BE31BC}.GenerateClients|Any CPU.ActiveCfg = Debug|Any CPU
		{F99C1F03-3C94-4B66-B2D5-A9E564BE31BC}.GenerateClients|Any CPU.Build.0 = Debug|Any CPU
		{F99C1F03-3C94-4B66-B2D5-A9E564BE31BC}.Release|Any CPU.ActiveCfg = Release|Any CPU
		{F99C1F03-3C94-4B66-B2D5-A9E564BE31BC}.Release|Any CPU.Build.0 = Release|Any CPU
		{393DE989-D680-41F0-A840-C0A692DC4265}.Debug|Any CPU.ActiveCfg = Debug|Any CPU
		{393DE989-D680-41F0-A840-C0A692DC4265}.Debug|Any CPU.Build.0 = Debug|Any CPU
		{393DE989-D680-41F0-A840-C0A692DC4265}.GenerateClients|Any CPU.ActiveCfg = Debug|Any CPU
		{393DE989-D680-41F0-A840-C0A692DC4265}.GenerateClients|Any CPU.Build.0 = Debug|Any CPU
		{393DE989-D680-41F0-A840-C0A692DC4265}.Release|Any CPU.ActiveCfg = Release|Any CPU
		{393DE989-D680-41F0-A840-C0A692DC4265}.Release|Any CPU.Build.0 = Release|Any CPU
		{C003F689-77F4-4AA3-A487-AEE3F7FE6E6B}.Debug|Any CPU.ActiveCfg = Debug|Any CPU
		{C003F689-77F4-4AA3-A487-AEE3F7FE6E6B}.Debug|Any CPU.Build.0 = Debug|Any CPU
		{C003F689-77F4-4AA3-A487-AEE3F7FE6E6B}.GenerateClients|Any CPU.ActiveCfg = Debug|Any CPU
		{C003F689-77F4-4AA3-A487-AEE3F7FE6E6B}.GenerateClients|Any CPU.Build.0 = Debug|Any CPU
		{C003F689-77F4-4AA3-A487-AEE3F7FE6E6B}.Release|Any CPU.ActiveCfg = Release|Any CPU
		{C003F689-77F4-4AA3-A487-AEE3F7FE6E6B}.Release|Any CPU.Build.0 = Release|Any CPU
		{A7E8BBC6-41A1-4321-B047-3A4B651557DE}.Debug|Any CPU.ActiveCfg = Debug|Any CPU
		{A7E8BBC6-41A1-4321-B047-3A4B651557DE}.Debug|Any CPU.Build.0 = Debug|Any CPU
		{A7E8BBC6-41A1-4321-B047-3A4B651557DE}.GenerateClients|Any CPU.ActiveCfg = Debug|Any CPU
		{A7E8BBC6-41A1-4321-B047-3A4B651557DE}.GenerateClients|Any CPU.Build.0 = Debug|Any CPU
		{A7E8BBC6-41A1-4321-B047-3A4B651557DE}.Release|Any CPU.ActiveCfg = Release|Any CPU
		{A7E8BBC6-41A1-4321-B047-3A4B651557DE}.Release|Any CPU.Build.0 = Release|Any CPU
		{7F677B7F-7F65-40D0-8420-A446C225F832}.Debug|Any CPU.ActiveCfg = Debug|Any CPU
		{7F677B7F-7F65-40D0-8420-A446C225F832}.Debug|Any CPU.Build.0 = Debug|Any CPU
		{7F677B7F-7F65-40D0-8420-A446C225F832}.GenerateClients|Any CPU.ActiveCfg = Debug|Any CPU
		{7F677B7F-7F65-40D0-8420-A446C225F832}.GenerateClients|Any CPU.Build.0 = Debug|Any CPU
		{7F677B7F-7F65-40D0-8420-A446C225F832}.Release|Any CPU.ActiveCfg = Release|Any CPU
		{7F677B7F-7F65-40D0-8420-A446C225F832}.Release|Any CPU.Build.0 = Release|Any CPU
		{A6627A57-F87E-4A33-8C8F-A919764D0B7B}.Debug|Any CPU.ActiveCfg = Debug|Any CPU
		{A6627A57-F87E-4A33-8C8F-A919764D0B7B}.Debug|Any CPU.Build.0 = Debug|Any CPU
		{A6627A57-F87E-4A33-8C8F-A919764D0B7B}.GenerateClients|Any CPU.ActiveCfg = Debug|Any CPU
		{A6627A57-F87E-4A33-8C8F-A919764D0B7B}.GenerateClients|Any CPU.Build.0 = Debug|Any CPU
		{A6627A57-F87E-4A33-8C8F-A919764D0B7B}.Release|Any CPU.ActiveCfg = Release|Any CPU
		{A6627A57-F87E-4A33-8C8F-A919764D0B7B}.Release|Any CPU.Build.0 = Release|Any CPU
		{B37767F5-2DA7-4D16-B0B5-92FF197002E9}.Debug|Any CPU.ActiveCfg = Debug|Any CPU
		{B37767F5-2DA7-4D16-B0B5-92FF197002E9}.GenerateClients|Any CPU.ActiveCfg = Debug|Any CPU
		{B37767F5-2DA7-4D16-B0B5-92FF197002E9}.GenerateClients|Any CPU.Build.0 = Debug|Any CPU
		{B37767F5-2DA7-4D16-B0B5-92FF197002E9}.Release|Any CPU.ActiveCfg = Release|Any CPU
		{3580511C-19D4-4F47-8E40-2E1B6727F723}.Debug|Any CPU.ActiveCfg = Debug|Any CPU
		{3580511C-19D4-4F47-8E40-2E1B6727F723}.Debug|Any CPU.Build.0 = Debug|Any CPU
		{3580511C-19D4-4F47-8E40-2E1B6727F723}.GenerateClients|Any CPU.ActiveCfg = Debug|Any CPU
		{3580511C-19D4-4F47-8E40-2E1B6727F723}.GenerateClients|Any CPU.Build.0 = Debug|Any CPU
		{3580511C-19D4-4F47-8E40-2E1B6727F723}.Release|Any CPU.ActiveCfg = Release|Any CPU
		{3580511C-19D4-4F47-8E40-2E1B6727F723}.Release|Any CPU.Build.0 = Release|Any CPU
		{CDCD5893-4037-4D5A-B7B0-0260AC918E2C}.Debug|Any CPU.ActiveCfg = Debug|Any CPU
		{CDCD5893-4037-4D5A-B7B0-0260AC918E2C}.Debug|Any CPU.Build.0 = Debug|Any CPU
		{CDCD5893-4037-4D5A-B7B0-0260AC918E2C}.GenerateClients|Any CPU.ActiveCfg = Debug|Any CPU
		{CDCD5893-4037-4D5A-B7B0-0260AC918E2C}.GenerateClients|Any CPU.Build.0 = Debug|Any CPU
		{CDCD5893-4037-4D5A-B7B0-0260AC918E2C}.Release|Any CPU.ActiveCfg = Release|Any CPU
		{CDCD5893-4037-4D5A-B7B0-0260AC918E2C}.Release|Any CPU.Build.0 = Release|Any CPU
		{3523FF89-0246-43A5-A73B-B291C366768B}.Debug|Any CPU.ActiveCfg = Debug|Any CPU
		{3523FF89-0246-43A5-A73B-B291C366768B}.Debug|Any CPU.Build.0 = Debug|Any CPU
		{3523FF89-0246-43A5-A73B-B291C366768B}.GenerateClients|Any CPU.ActiveCfg = GenerateClients|Any CPU
		{3523FF89-0246-43A5-A73B-B291C366768B}.GenerateClients|Any CPU.Build.0 = GenerateClients|Any CPU
		{3523FF89-0246-43A5-A73B-B291C366768B}.Release|Any CPU.ActiveCfg = Release|Any CPU
		{3523FF89-0246-43A5-A73B-B291C366768B}.Release|Any CPU.Build.0 = Release|Any CPU
		{69328938-D25C-46C6-B89F-B2C24A9C54E6}.Debug|Any CPU.ActiveCfg = Debug|Any CPU
		{69328938-D25C-46C6-B89F-B2C24A9C54E6}.Debug|Any CPU.Build.0 = Debug|Any CPU
		{69328938-D25C-46C6-B89F-B2C24A9C54E6}.GenerateClients|Any CPU.ActiveCfg = Debug|Any CPU
		{69328938-D25C-46C6-B89F-B2C24A9C54E6}.GenerateClients|Any CPU.Build.0 = Debug|Any CPU
		{69328938-D25C-46C6-B89F-B2C24A9C54E6}.Release|Any CPU.ActiveCfg = Release|Any CPU
		{69328938-D25C-46C6-B89F-B2C24A9C54E6}.Release|Any CPU.Build.0 = Release|Any CPU
	EndGlobalSection
	GlobalSection(SolutionProperties) = preSolution
		HideSolutionNode = FALSE
	EndGlobalSection
	GlobalSection(NestedProjects) = preSolution
		{B58C021C-7297-48C9-9857-4B4C0E856CF4} = {2F3F3AAD-1659-49EF-942B-F0CF5B9E9F4B}
		{7A4E9672-9DD6-4C9A-A4D9-B901BEB0A0C6} = {B58C021C-7297-48C9-9857-4B4C0E856CF4}
		{4EEDEF6F-7AD0-49B5-87F8-3AA0DE9516A6} = {B58C021C-7297-48C9-9857-4B4C0E856CF4}
		{AAA311E5-CD84-4E27-8F40-F82AE599D3E0} = {2F3F3AAD-1659-49EF-942B-F0CF5B9E9F4B}
		{FD440DB4-B544-4C2F-AE21-1289B7DD300E} = {AAA311E5-CD84-4E27-8F40-F82AE599D3E0}
		{B41E58ED-E09D-455D-B5F6-3E0F2DC7E9A6} = {AAA311E5-CD84-4E27-8F40-F82AE599D3E0}
		{668B6107-6C64-4B34-B441-5704983CD9F4} = {AAA311E5-CD84-4E27-8F40-F82AE599D3E0}
		{7BC7D825-9C1A-495B-AE83-04D6823844C5} = {AAA311E5-CD84-4E27-8F40-F82AE599D3E0}
		{2F728F70-0E8C-4333-8F1F-8A10F6EA3D9F} = {AAA311E5-CD84-4E27-8F40-F82AE599D3E0}
		{F99C1F03-3C94-4B66-B2D5-A9E564BE31BC} = {AAA311E5-CD84-4E27-8F40-F82AE599D3E0}
		{393DE989-D680-41F0-A840-C0A692DC4265} = {47A3A027-45D0-44EA-95F2-D775D0C97686}
		{8833CB72-49BA-43E7-8827-FE58EADD0D92} = {47A3A027-45D0-44EA-95F2-D775D0C97686}
		{C003F689-77F4-4AA3-A487-AEE3F7FE6E6B} = {8833CB72-49BA-43E7-8827-FE58EADD0D92}
		{A7E8BBC6-41A1-4321-B047-3A4B651557DE} = {8833CB72-49BA-43E7-8827-FE58EADD0D92}
		{7F677B7F-7F65-40D0-8420-A446C225F832} = {8833CB72-49BA-43E7-8827-FE58EADD0D92}
		{A6627A57-F87E-4A33-8C8F-A919764D0B7B} = {47A3A027-45D0-44EA-95F2-D775D0C97686}
		{B37767F5-2DA7-4D16-B0B5-92FF197002E9} = {FDE41AEB-4A12-4F40-B50F-18BD2E437796}
		{FBF4B9B2-FF9C-4F69-9E42-6FDC16DAACC9} = {FDE41AEB-4A12-4F40-B50F-18BD2E437796}
		{FE5D3FD8-4840-4839-B980-1E8D457814D2} = {2F3F3AAD-1659-49EF-942B-F0CF5B9E9F4B}
		{3580511C-19D4-4F47-8E40-2E1B6727F723} = {FE5D3FD8-4840-4839-B980-1E8D457814D2}
		{CDCD5893-4037-4D5A-B7B0-0260AC918E2C} = {FBF4B9B2-FF9C-4F69-9E42-6FDC16DAACC9}
		{3523FF89-0246-43A5-A73B-B291C366768B} = {FBF4B9B2-FF9C-4F69-9E42-6FDC16DAACC9}
		{69328938-D25C-46C6-B89F-B2C24A9C54E6} = {FBF4B9B2-FF9C-4F69-9E42-6FDC16DAACC9}
	EndGlobalSection
	GlobalSection(ExtensibilityGlobals) = postSolution
		SolutionGuid = {0E917AFB-AF19-41C1-9F0B-17BD02FD96BE}
	EndGlobalSection
EndGlobal
