
Microsoft Visual Studio Solution File, Format Version 12.00
# Visual Studio Version 17
VisualStudioVersion = 17.3.32929.385
MinimumVisualStudioVersion = 10.0.40219.1
Project("{9A19103F-16F7-4668-BE54-9A1E7A4F7556}") = "beamOS.API", "beamOS.API\beamOS.API.csproj", "{E1E9AB8E-ED2E-47BB-B410-64CC163FE563}"
EndProject
Project("{9A19103F-16F7-4668-BE54-9A1E7A4F7556}") = "beamOS.Tests", "beamOS.Tests\beamOS.Tests.csproj", "{9CDAA175-862C-4105-8F3E-D8BEE1123843}"
EndProject
Project("{2150E333-8FDC-42A3-9474-1A3956D46DE8}") = "Solution Items", "Solution Items", "{60D951DA-E333-4007-A423-F2E6364A521B}"
	ProjectSection(SolutionItems) = preProject
		.gitmodules = .gitmodules
		.github\workflows\integrate.yml = .github\workflows\integrate.yml
	EndProjectSection
EndProject
Project("{FAE04EC0-301F-11D3-BF4B-00C04F79EFBC}") = "Objects", "beamOS.API\Schema\Objects\Objects.csproj", "{E01D568A-BA79-4363-96B0-A541ED9FB355}"
EndProject
Global
	GlobalSection(SolutionConfigurationPlatforms) = preSolution
		Debug|Any CPU = Debug|Any CPU
		Release|Any CPU = Release|Any CPU
	EndGlobalSection
	GlobalSection(ProjectConfigurationPlatforms) = postSolution
		{E1E9AB8E-ED2E-47BB-B410-64CC163FE563}.Debug|Any CPU.ActiveCfg = Debug|Any CPU
		{E1E9AB8E-ED2E-47BB-B410-64CC163FE563}.Debug|Any CPU.Build.0 = Debug|Any CPU
		{E1E9AB8E-ED2E-47BB-B410-64CC163FE563}.Release|Any CPU.ActiveCfg = Release|Any CPU
		{E1E9AB8E-ED2E-47BB-B410-64CC163FE563}.Release|Any CPU.Build.0 = Release|Any CPU
		{9CDAA175-862C-4105-8F3E-D8BEE1123843}.Debug|Any CPU.ActiveCfg = Debug|Any CPU
		{9CDAA175-862C-4105-8F3E-D8BEE1123843}.Debug|Any CPU.Build.0 = Debug|Any CPU
		{9CDAA175-862C-4105-8F3E-D8BEE1123843}.Release|Any CPU.ActiveCfg = Release|Any CPU
		{9CDAA175-862C-4105-8F3E-D8BEE1123843}.Release|Any CPU.Build.0 = Release|Any CPU
		{E01D568A-BA79-4363-96B0-A541ED9FB355}.Debug|Any CPU.ActiveCfg = Debug|Any CPU
		{E01D568A-BA79-4363-96B0-A541ED9FB355}.Debug|Any CPU.Build.0 = Debug|Any CPU
		{E01D568A-BA79-4363-96B0-A541ED9FB355}.Release|Any CPU.ActiveCfg = Release|Any CPU
		{E01D568A-BA79-4363-96B0-A541ED9FB355}.Release|Any CPU.Build.0 = Release|Any CPU
	EndGlobalSection
	GlobalSection(SolutionProperties) = preSolution
		HideSolutionNode = FALSE
	EndGlobalSection
	GlobalSection(ExtensibilityGlobals) = postSolution
		SolutionGuid = {5F96B64E-9DDF-4BA6-BABA-71A90D33C22E}
	EndGlobalSection
EndGlobal
