
Microsoft Visual Studio Solution File, Format Version 12.00
# Visual Studio Version 17
VisualStudioVersion = 17.8.34330.188
MinimumVisualStudioVersion = 10.0.40219.1
Project("{2150E333-8FDC-42A3-9474-1A3956D46DE8}") = "src", "src", "{2F3F3AAD-1659-49EF-942B-F0CF5B9E9F4B}"
EndProject
Project("{2150E333-8FDC-42A3-9474-1A3956D46DE8}") = "tests", "tests", "{47A3A027-45D0-44EA-95F2-D775D0C97686}"
EndProject
Project("{2150E333-8FDC-42A3-9474-1A3956D46DE8}") = "Common", "Common", "{724CDA85-1E13-45F8-A31B-E11C6BEE706A}"
EndProject
Project("{2150E333-8FDC-42A3-9474-1A3956D46DE8}") = "DirectStiffnessMethod", "DirectStiffnessMethod", "{B88A835C-C229-4CAF-BDBA-36CE20A003EA}"
EndProject
Project("{2150E333-8FDC-42A3-9474-1A3956D46DE8}") = "PhysicalModel", "PhysicalModel", "{4885BEB6-5FB5-4A3A-85CA-4F265DF7D291}"
EndProject
Project("{2150E333-8FDC-42A3-9474-1A3956D46DE8}") = "WebApp", "WebApp", "{B58C021C-7297-48C9-9857-4B4C0E856CF4}"
EndProject
Project("{2150E333-8FDC-42A3-9474-1A3956D46DE8}") = "IntegrationTests", "IntegrationTests", "{7B9A30CF-2521-4B4C-9BE5-2B92D40FDDCA}"
EndProject
Project("{2150E333-8FDC-42A3-9474-1A3956D46DE8}") = "UnitTests", "UnitTests", "{2C1BA5D8-E1EA-4867-BABD-37E0349E9F7D}"
EndProject
Project("{2150E333-8FDC-42A3-9474-1A3956D46DE8}") = "DirectStiffnessMethod", "DirectStiffnessMethod", "{3284A7B8-3F0F-4B56-A5DE-6C13782F3E0C}"
EndProject
Project("{9A19103F-16F7-4668-BE54-9A1E7A4F7556}") = "BeamOS.Common.Api", "src\BeamOS.Common\BeamOS.Common.Api\BeamOS.Common.Api.csproj", "{6789739B-A80B-4F7D-8D99-B4EF8D2BA51E}"
EndProject
Project("{9A19103F-16F7-4668-BE54-9A1E7A4F7556}") = "BeamOS.Common.Application", "src\BeamOS.Common\BeamOS.Common.Application\BeamOS.Common.Application.csproj", "{717D6CC3-A33E-4B54-9240-74F787098CD7}"
EndProject
Project("{9A19103F-16F7-4668-BE54-9A1E7A4F7556}") = "BeamOS.Common.Contracts", "src\BeamOS.Common\BeamOS.Common.Contracts\BeamOS.Common.Contracts.csproj", "{6C559C09-67CB-40ED-8DA0-EC28F450BD8A}"
EndProject
Project("{9A19103F-16F7-4668-BE54-9A1E7A4F7556}") = "BeamOS.Common.Domain", "src\BeamOS.Common\BeamOS.Common.Domain\BeamOS.Common.Domain.csproj", "{28F41442-D767-4F19-A517-549D716B4CDD}"
EndProject
Project("{9A19103F-16F7-4668-BE54-9A1E7A4F7556}") = "BeamOS.Common.Infrastructure", "src\BeamOS.Common\BeamOS.Common.Infrastructure\BeamOS.Common.Infrastructure.csproj", "{86122982-B054-4507-9EAD-4D904D357E3E}"
EndProject
Project("{9A19103F-16F7-4668-BE54-9A1E7A4F7556}") = "BeamOS.DirectStiffnessMethod.Api", "src\BeamOS.DirectStiffnessMethod\BeamOS.DirectStiffnessMethod.Api\BeamOS.DirectStiffnessMethod.Api.csproj", "{883166F4-F6B5-41B8-9FC1-F408BCE6C354}"
EndProject
Project("{9A19103F-16F7-4668-BE54-9A1E7A4F7556}") = "BeamOS.DirectStiffnessMethod.Application", "src\BeamOS.DirectStiffnessMethod\BeamOS.DirectStiffnessMethod.Application\BeamOS.DirectStiffnessMethod.Application.csproj", "{1FA2D437-3885-4C88-9FBB-9F83353FEEAE}"
EndProject
Project("{9A19103F-16F7-4668-BE54-9A1E7A4F7556}") = "BeamOS.DirectStiffnessMethod.Client", "src\BeamOS.DirectStiffnessMethod\BeamOS.DirectStiffnessMethod.Client\BeamOS.DirectStiffnessMethod.Client.csproj", "{BEC6008D-2DC7-4B89-B91B-D0987F620CBA}"
EndProject
Project("{9A19103F-16F7-4668-BE54-9A1E7A4F7556}") = "BeamOS.DirectStiffnessMethod.Contracts", "src\BeamOS.DirectStiffnessMethod\BeamOS.DirectStiffnessMethod.Contracts\BeamOS.DirectStiffnessMethod.Contracts.csproj", "{0BB7903B-01D0-4734-ACFA-29C46AE998DB}"
EndProject
Project("{9A19103F-16F7-4668-BE54-9A1E7A4F7556}") = "BeamOS.DirectStiffnessMethod.Domain", "src\BeamOS.DirectStiffnessMethod\BeamOS.DirectStiffnessMethod.Domain\BeamOS.DirectStiffnessMethod.Domain.csproj", "{7988D7BD-2549-4207-8189-7C4B52E8146A}"
EndProject
Project("{9A19103F-16F7-4668-BE54-9A1E7A4F7556}") = "BeamOS.DirectStiffnessMethod.Infrastructure", "src\BeamOS.DirectStiffnessMethod\BeamOS.DirectStiffnessMethod.Infrastructure\BeamOS.DirectStiffnessMethod.Infrastructure.csproj", "{A54CE7C7-A9D6-40C3-9510-5F2236C04384}"
EndProject
Project("{9A19103F-16F7-4668-BE54-9A1E7A4F7556}") = "BeamOS.PhysicalModel.Application", "src\BeamOS.PhysicalModel\BeamOS.PhysicalModel.Application\BeamOS.PhysicalModel.Application.csproj", "{B8F0D832-C52B-4B0F-A2C3-4B27547C23E9}"
EndProject
Project("{9A19103F-16F7-4668-BE54-9A1E7A4F7556}") = "BeamOS.PhysicalModel.Api", "src\BeamOS.PhysicalModel\BeamOS.PhysicalModel.Api\BeamOS.PhysicalModel.Api.csproj", "{1541EB56-142F-45E1-B4DC-BDD7F7502700}"
EndProject
Project("{9A19103F-16F7-4668-BE54-9A1E7A4F7556}") = "BeamOS.PhysicalModel.Client", "src\BeamOS.PhysicalModel\BeamOS.PhysicalModel.Client\BeamOS.PhysicalModel.Client.csproj", "{94084070-CB97-46F9-AC30-A94966B0A87A}"
EndProject
Project("{9A19103F-16F7-4668-BE54-9A1E7A4F7556}") = "BeamOS.PhysicalModel.Contracts", "src\BeamOS.PhysicalModel\BeamOS.PhysicalModel.Contracts\BeamOS.PhysicalModel.Contracts.csproj", "{EDA2C19A-9484-4864-A859-2D613E2F0B08}"
EndProject
Project("{9A19103F-16F7-4668-BE54-9A1E7A4F7556}") = "BeamOS.PhysicalModel.Domain", "src\BeamOS.PhysicalModel\BeamOS.PhysicalModel.Domain\BeamOS.PhysicalModel.Domain.csproj", "{E34AD85A-9404-4890-B685-FCFBD03846E6}"
EndProject
Project("{9A19103F-16F7-4668-BE54-9A1E7A4F7556}") = "BeamOS.PhysicalModel.Infrastructure", "src\BeamOS.PhysicalModel\BeamOS.PhysicalModel.Infrastructure\BeamOS.PhysicalModel.Infrastructure.csproj", "{41B8CD7C-6529-40D1-BDAB-794E040B2D37}"
EndProject
Project("{9A19103F-16F7-4668-BE54-9A1E7A4F7556}") = "BeamOS.WebApp", "src\BeamOS.WebApp\BeamOS.WebApp\BeamOS.WebApp.csproj", "{7A4E9672-9DD6-4C9A-A4D9-B901BEB0A0C6}"
EndProject
Project("{9A19103F-16F7-4668-BE54-9A1E7A4F7556}") = "BeamOS.WebApp.Client", "src\BeamOS.WebApp\BeamOS.WebApp.Client\BeamOS.WebApp.Client.csproj", "{4EEDEF6F-7AD0-49B5-87F8-3AA0DE9516A6}"
EndProject
Project("{9A19103F-16F7-4668-BE54-9A1E7A4F7556}") = "BeamOS.WebApp.EditorApi", "src\BeamOS.WebApp\BeamOS.WebApp.EditorApi\BeamOS.WebApp.EditorApi.csproj", "{25E3B859-3080-4DC6-856D-78CA14C2F537}"
EndProject
Project("{9A19103F-16F7-4668-BE54-9A1E7A4F7556}") = "BeamOS.WebApp.EditorApiGenerator", "src\BeamOS.WebApp\BeamOS.WebApp.EditorApiGenerator\BeamOS.WebApp.EditorApiGenerator.csproj", "{638CA198-720A-46D6-97BF-ACCC967ED4C3}"
EndProject
Project("{9A19103F-16F7-4668-BE54-9A1E7A4F7556}") = "BeamOS.IntegrationTests.DirectStiffnessMethod", "tests\IntegrationTests\BeamOS.IntegrationTests.DirectStiffnessMethod\BeamOS.IntegrationTests.DirectStiffnessMethod.csproj", "{E21D3359-26CE-487F-A828-00634CC61EA0}"
EndProject
Project("{9A19103F-16F7-4668-BE54-9A1E7A4F7556}") = "BeamOS.DirectStiffnessMethod.Domain.UnitTests", "tests\UnitTests\DirectStiffnessMethod\BeamOS.DirectStiffnessMethod.UnitTests\BeamOS.DirectStiffnessMethod.Domain.UnitTests.csproj", "{151F648C-B2D0-42D7-B884-22DB0ABB82A1}"
EndProject
Project("{9A19103F-16F7-4668-BE54-9A1E7A4F7556}") = "BeamOS.Tests.Common", "tests\BeamOS.Tests.Common\BeamOS.Tests.Common.csproj", "{852DA7A6-AFE8-4BD1-9A46-56A7C3244AC1}"
EndProject
Project("{2150E333-8FDC-42A3-9474-1A3956D46DE8}") = "Solution Items", "Solution Items", "{20B28576-25BC-4AB0-AC84-0E643706688B}"
	ProjectSection(SolutionItems) = preProject
		.editorconfig = .editorconfig
		.gitignore = .gitignore
		Directory.Build.props = Directory.Build.props
		DirectStiffnessMethodCheatSheet.md = DirectStiffnessMethodCheatSheet.md
		.config\dotnet-tools.json = .config\dotnet-tools.json
		README.md = README.md
	EndProjectSection
EndProject
Project("{2150E333-8FDC-42A3-9474-1A3956D46DE8}") = "Identity", "Identity", "{F750F89A-9FB2-497B-BE36-0C685076C2CF}"
EndProject
Project("{9A19103F-16F7-4668-BE54-9A1E7A4F7556}") = "BeamOs.Identity.Api", "src\BeamOs.Identity\BeamOs.Identity.Api\BeamOs.Identity.Api.csproj", "{0287A1E2-F41E-4051-B3D1-AAFF699A8853}"
EndProject
Project("{9A19103F-16F7-4668-BE54-9A1E7A4F7556}") = "BeamOs.Identity.Client", "src\BeamOs.Identity\BeamOs.Identity.Client\BeamOs.Identity.Client.csproj", "{73D159DE-53BF-48F4-8409-36F63587CED5}"
EndProject
Project("{2150E333-8FDC-42A3-9474-1A3956D46DE8}") = "StructuralAnalysis", "StructuralAnalysis", "{AAA311E5-CD84-4E27-8F40-F82AE599D3E0}"
EndProject
Project("{9A19103F-16F7-4668-BE54-9A1E7A4F7556}") = "BeamOs.Contracts", "src\BeamOs.StructuralAnalysis\BeamOs.Contracts\BeamOs.Contracts.csproj", "{FD440DB4-B544-4C2F-AE21-1289B7DD300E}"
EndProject
Project("{9A19103F-16F7-4668-BE54-9A1E7A4F7556}") = "BeamOs.Application", "src\BeamOs.StructuralAnalysis\BeamOs.Application\BeamOs.Application.csproj", "{B41E58ED-E09D-455D-B5F6-3E0F2DC7E9A6}"
EndProject
Project("{9A19103F-16F7-4668-BE54-9A1E7A4F7556}") = "BeamOs.Infrastructure", "src\BeamOs.StructuralAnalysis\BeamOs.Infrastructure\BeamOs.Infrastructure.csproj", "{668B6107-6C64-4B34-B441-5704983CD9F4}"
EndProject
Project("{9A19103F-16F7-4668-BE54-9A1E7A4F7556}") = "BeamOs.Api", "src\BeamOs.StructuralAnalysis\BeamOs.Api\BeamOs.Api.csproj", "{7BC7D825-9C1A-495B-AE83-04D6823844C5}"
EndProject
Project("{9A19103F-16F7-4668-BE54-9A1E7A4F7556}") = "BeamOs.Domain", "src\BeamOs.StructuralAnalysis\BeamOs.Domain\BeamOs.Domain.csproj", "{2F728F70-0E8C-4333-8F1F-8A10F6EA3D9F}"
EndProject
Project("{FAE04EC0-301F-11D3-BF4B-00C04F79EFBC}") = "BeamOs.ApiClient", "src\BeamOs.StructuralAnalysis\BeamOs.ApiClient\BeamOs.ApiClient.csproj", "{F99C1F03-3C94-4B66-B2D5-A9E564BE31BC}"
EndProject
Global
	GlobalSection(SolutionConfigurationPlatforms) = preSolution
		Debug|Any CPU = Debug|Any CPU
		GenerateClients|Any CPU = GenerateClients|Any CPU
		Release|Any CPU = Release|Any CPU
	EndGlobalSection
	GlobalSection(ProjectConfigurationPlatforms) = postSolution
		{6789739B-A80B-4F7D-8D99-B4EF8D2BA51E}.Debug|Any CPU.ActiveCfg = Debug|Any CPU
		{6789739B-A80B-4F7D-8D99-B4EF8D2BA51E}.Debug|Any CPU.Build.0 = Debug|Any CPU
		{6789739B-A80B-4F7D-8D99-B4EF8D2BA51E}.GenerateClients|Any CPU.ActiveCfg = Debug|Any CPU
		{6789739B-A80B-4F7D-8D99-B4EF8D2BA51E}.GenerateClients|Any CPU.Build.0 = Debug|Any CPU
		{6789739B-A80B-4F7D-8D99-B4EF8D2BA51E}.Release|Any CPU.ActiveCfg = Release|Any CPU
		{6789739B-A80B-4F7D-8D99-B4EF8D2BA51E}.Release|Any CPU.Build.0 = Release|Any CPU
		{717D6CC3-A33E-4B54-9240-74F787098CD7}.Debug|Any CPU.ActiveCfg = Debug|Any CPU
		{717D6CC3-A33E-4B54-9240-74F787098CD7}.Debug|Any CPU.Build.0 = Debug|Any CPU
		{717D6CC3-A33E-4B54-9240-74F787098CD7}.GenerateClients|Any CPU.ActiveCfg = Debug|Any CPU
		{717D6CC3-A33E-4B54-9240-74F787098CD7}.GenerateClients|Any CPU.Build.0 = Debug|Any CPU
		{717D6CC3-A33E-4B54-9240-74F787098CD7}.Release|Any CPU.ActiveCfg = Release|Any CPU
		{717D6CC3-A33E-4B54-9240-74F787098CD7}.Release|Any CPU.Build.0 = Release|Any CPU
		{6C559C09-67CB-40ED-8DA0-EC28F450BD8A}.Debug|Any CPU.ActiveCfg = Debug|Any CPU
		{6C559C09-67CB-40ED-8DA0-EC28F450BD8A}.Debug|Any CPU.Build.0 = Debug|Any CPU
		{6C559C09-67CB-40ED-8DA0-EC28F450BD8A}.GenerateClients|Any CPU.ActiveCfg = Debug|Any CPU
		{6C559C09-67CB-40ED-8DA0-EC28F450BD8A}.GenerateClients|Any CPU.Build.0 = Debug|Any CPU
		{6C559C09-67CB-40ED-8DA0-EC28F450BD8A}.Release|Any CPU.ActiveCfg = Release|Any CPU
		{6C559C09-67CB-40ED-8DA0-EC28F450BD8A}.Release|Any CPU.Build.0 = Release|Any CPU
		{28F41442-D767-4F19-A517-549D716B4CDD}.Debug|Any CPU.ActiveCfg = Debug|Any CPU
		{28F41442-D767-4F19-A517-549D716B4CDD}.Debug|Any CPU.Build.0 = Debug|Any CPU
		{28F41442-D767-4F19-A517-549D716B4CDD}.GenerateClients|Any CPU.ActiveCfg = Debug|Any CPU
		{28F41442-D767-4F19-A517-549D716B4CDD}.GenerateClients|Any CPU.Build.0 = Debug|Any CPU
		{28F41442-D767-4F19-A517-549D716B4CDD}.Release|Any CPU.ActiveCfg = Release|Any CPU
		{28F41442-D767-4F19-A517-549D716B4CDD}.Release|Any CPU.Build.0 = Release|Any CPU
		{86122982-B054-4507-9EAD-4D904D357E3E}.Debug|Any CPU.ActiveCfg = Debug|Any CPU
		{86122982-B054-4507-9EAD-4D904D357E3E}.Debug|Any CPU.Build.0 = Debug|Any CPU
		{86122982-B054-4507-9EAD-4D904D357E3E}.GenerateClients|Any CPU.ActiveCfg = Debug|Any CPU
		{86122982-B054-4507-9EAD-4D904D357E3E}.GenerateClients|Any CPU.Build.0 = Debug|Any CPU
		{86122982-B054-4507-9EAD-4D904D357E3E}.Release|Any CPU.ActiveCfg = Release|Any CPU
		{86122982-B054-4507-9EAD-4D904D357E3E}.Release|Any CPU.Build.0 = Release|Any CPU
		{883166F4-F6B5-41B8-9FC1-F408BCE6C354}.Debug|Any CPU.ActiveCfg = Debug|Any CPU
		{883166F4-F6B5-41B8-9FC1-F408BCE6C354}.Debug|Any CPU.Build.0 = Debug|Any CPU
		{883166F4-F6B5-41B8-9FC1-F408BCE6C354}.GenerateClients|Any CPU.ActiveCfg = GenerateClients|Any CPU
		{883166F4-F6B5-41B8-9FC1-F408BCE6C354}.GenerateClients|Any CPU.Build.0 = GenerateClients|Any CPU
		{883166F4-F6B5-41B8-9FC1-F408BCE6C354}.Release|Any CPU.ActiveCfg = Release|Any CPU
		{883166F4-F6B5-41B8-9FC1-F408BCE6C354}.Release|Any CPU.Build.0 = Release|Any CPU
		{1FA2D437-3885-4C88-9FBB-9F83353FEEAE}.Debug|Any CPU.ActiveCfg = Debug|Any CPU
		{1FA2D437-3885-4C88-9FBB-9F83353FEEAE}.Debug|Any CPU.Build.0 = Debug|Any CPU
		{1FA2D437-3885-4C88-9FBB-9F83353FEEAE}.GenerateClients|Any CPU.ActiveCfg = Debug|Any CPU
		{1FA2D437-3885-4C88-9FBB-9F83353FEEAE}.GenerateClients|Any CPU.Build.0 = Debug|Any CPU
		{1FA2D437-3885-4C88-9FBB-9F83353FEEAE}.Release|Any CPU.ActiveCfg = Release|Any CPU
		{1FA2D437-3885-4C88-9FBB-9F83353FEEAE}.Release|Any CPU.Build.0 = Release|Any CPU
		{BEC6008D-2DC7-4B89-B91B-D0987F620CBA}.Debug|Any CPU.ActiveCfg = Debug|Any CPU
		{BEC6008D-2DC7-4B89-B91B-D0987F620CBA}.Debug|Any CPU.Build.0 = Debug|Any CPU
		{BEC6008D-2DC7-4B89-B91B-D0987F620CBA}.GenerateClients|Any CPU.ActiveCfg = Debug|Any CPU
		{BEC6008D-2DC7-4B89-B91B-D0987F620CBA}.GenerateClients|Any CPU.Build.0 = Debug|Any CPU
		{BEC6008D-2DC7-4B89-B91B-D0987F620CBA}.Release|Any CPU.ActiveCfg = Release|Any CPU
		{BEC6008D-2DC7-4B89-B91B-D0987F620CBA}.Release|Any CPU.Build.0 = Release|Any CPU
		{0BB7903B-01D0-4734-ACFA-29C46AE998DB}.Debug|Any CPU.ActiveCfg = Debug|Any CPU
		{0BB7903B-01D0-4734-ACFA-29C46AE998DB}.Debug|Any CPU.Build.0 = Debug|Any CPU
		{0BB7903B-01D0-4734-ACFA-29C46AE998DB}.GenerateClients|Any CPU.ActiveCfg = Debug|Any CPU
		{0BB7903B-01D0-4734-ACFA-29C46AE998DB}.GenerateClients|Any CPU.Build.0 = Debug|Any CPU
		{0BB7903B-01D0-4734-ACFA-29C46AE998DB}.Release|Any CPU.ActiveCfg = Release|Any CPU
		{0BB7903B-01D0-4734-ACFA-29C46AE998DB}.Release|Any CPU.Build.0 = Release|Any CPU
		{7988D7BD-2549-4207-8189-7C4B52E8146A}.Debug|Any CPU.ActiveCfg = Debug|Any CPU
		{7988D7BD-2549-4207-8189-7C4B52E8146A}.Debug|Any CPU.Build.0 = Debug|Any CPU
		{7988D7BD-2549-4207-8189-7C4B52E8146A}.GenerateClients|Any CPU.ActiveCfg = Debug|Any CPU
		{7988D7BD-2549-4207-8189-7C4B52E8146A}.GenerateClients|Any CPU.Build.0 = Debug|Any CPU
		{7988D7BD-2549-4207-8189-7C4B52E8146A}.Release|Any CPU.ActiveCfg = Release|Any CPU
		{7988D7BD-2549-4207-8189-7C4B52E8146A}.Release|Any CPU.Build.0 = Release|Any CPU
		{A54CE7C7-A9D6-40C3-9510-5F2236C04384}.Debug|Any CPU.ActiveCfg = Debug|Any CPU
		{A54CE7C7-A9D6-40C3-9510-5F2236C04384}.Debug|Any CPU.Build.0 = Debug|Any CPU
		{A54CE7C7-A9D6-40C3-9510-5F2236C04384}.GenerateClients|Any CPU.ActiveCfg = Debug|Any CPU
		{A54CE7C7-A9D6-40C3-9510-5F2236C04384}.GenerateClients|Any CPU.Build.0 = Debug|Any CPU
		{A54CE7C7-A9D6-40C3-9510-5F2236C04384}.Release|Any CPU.ActiveCfg = Release|Any CPU
		{A54CE7C7-A9D6-40C3-9510-5F2236C04384}.Release|Any CPU.Build.0 = Release|Any CPU
		{B8F0D832-C52B-4B0F-A2C3-4B27547C23E9}.Debug|Any CPU.ActiveCfg = Debug|Any CPU
		{B8F0D832-C52B-4B0F-A2C3-4B27547C23E9}.Debug|Any CPU.Build.0 = Debug|Any CPU
		{B8F0D832-C52B-4B0F-A2C3-4B27547C23E9}.GenerateClients|Any CPU.ActiveCfg = Debug|Any CPU
		{B8F0D832-C52B-4B0F-A2C3-4B27547C23E9}.GenerateClients|Any CPU.Build.0 = Debug|Any CPU
		{B8F0D832-C52B-4B0F-A2C3-4B27547C23E9}.Release|Any CPU.ActiveCfg = Release|Any CPU
		{B8F0D832-C52B-4B0F-A2C3-4B27547C23E9}.Release|Any CPU.Build.0 = Release|Any CPU
		{1541EB56-142F-45E1-B4DC-BDD7F7502700}.Debug|Any CPU.ActiveCfg = Debug|Any CPU
		{1541EB56-142F-45E1-B4DC-BDD7F7502700}.Debug|Any CPU.Build.0 = Debug|Any CPU
		{1541EB56-142F-45E1-B4DC-BDD7F7502700}.GenerateClients|Any CPU.ActiveCfg = GenerateClients|Any CPU
		{1541EB56-142F-45E1-B4DC-BDD7F7502700}.GenerateClients|Any CPU.Build.0 = GenerateClients|Any CPU
		{1541EB56-142F-45E1-B4DC-BDD7F7502700}.Release|Any CPU.ActiveCfg = Release|Any CPU
		{1541EB56-142F-45E1-B4DC-BDD7F7502700}.Release|Any CPU.Build.0 = Release|Any CPU
		{94084070-CB97-46F9-AC30-A94966B0A87A}.Debug|Any CPU.ActiveCfg = Debug|Any CPU
		{94084070-CB97-46F9-AC30-A94966B0A87A}.Debug|Any CPU.Build.0 = Debug|Any CPU
		{94084070-CB97-46F9-AC30-A94966B0A87A}.GenerateClients|Any CPU.ActiveCfg = Debug|Any CPU
		{94084070-CB97-46F9-AC30-A94966B0A87A}.GenerateClients|Any CPU.Build.0 = Debug|Any CPU
		{94084070-CB97-46F9-AC30-A94966B0A87A}.Release|Any CPU.ActiveCfg = Release|Any CPU
		{94084070-CB97-46F9-AC30-A94966B0A87A}.Release|Any CPU.Build.0 = Release|Any CPU
		{EDA2C19A-9484-4864-A859-2D613E2F0B08}.Debug|Any CPU.ActiveCfg = Debug|Any CPU
		{EDA2C19A-9484-4864-A859-2D613E2F0B08}.Debug|Any CPU.Build.0 = Debug|Any CPU
		{EDA2C19A-9484-4864-A859-2D613E2F0B08}.GenerateClients|Any CPU.ActiveCfg = Debug|Any CPU
		{EDA2C19A-9484-4864-A859-2D613E2F0B08}.GenerateClients|Any CPU.Build.0 = Debug|Any CPU
		{EDA2C19A-9484-4864-A859-2D613E2F0B08}.Release|Any CPU.ActiveCfg = Release|Any CPU
		{EDA2C19A-9484-4864-A859-2D613E2F0B08}.Release|Any CPU.Build.0 = Release|Any CPU
		{E34AD85A-9404-4890-B685-FCFBD03846E6}.Debug|Any CPU.ActiveCfg = Debug|Any CPU
		{E34AD85A-9404-4890-B685-FCFBD03846E6}.Debug|Any CPU.Build.0 = Debug|Any CPU
		{E34AD85A-9404-4890-B685-FCFBD03846E6}.GenerateClients|Any CPU.ActiveCfg = Debug|Any CPU
		{E34AD85A-9404-4890-B685-FCFBD03846E6}.GenerateClients|Any CPU.Build.0 = Debug|Any CPU
		{E34AD85A-9404-4890-B685-FCFBD03846E6}.Release|Any CPU.ActiveCfg = Release|Any CPU
		{E34AD85A-9404-4890-B685-FCFBD03846E6}.Release|Any CPU.Build.0 = Release|Any CPU
		{41B8CD7C-6529-40D1-BDAB-794E040B2D37}.Debug|Any CPU.ActiveCfg = Debug|Any CPU
		{41B8CD7C-6529-40D1-BDAB-794E040B2D37}.Debug|Any CPU.Build.0 = Debug|Any CPU
		{41B8CD7C-6529-40D1-BDAB-794E040B2D37}.GenerateClients|Any CPU.ActiveCfg = Debug|Any CPU
		{41B8CD7C-6529-40D1-BDAB-794E040B2D37}.GenerateClients|Any CPU.Build.0 = Debug|Any CPU
		{41B8CD7C-6529-40D1-BDAB-794E040B2D37}.Release|Any CPU.ActiveCfg = Release|Any CPU
		{41B8CD7C-6529-40D1-BDAB-794E040B2D37}.Release|Any CPU.Build.0 = Release|Any CPU
		{7A4E9672-9DD6-4C9A-A4D9-B901BEB0A0C6}.Debug|Any CPU.ActiveCfg = Debug|Any CPU
		{7A4E9672-9DD6-4C9A-A4D9-B901BEB0A0C6}.Debug|Any CPU.Build.0 = Debug|Any CPU
		{7A4E9672-9DD6-4C9A-A4D9-B901BEB0A0C6}.GenerateClients|Any CPU.ActiveCfg = Debug|Any CPU
		{7A4E9672-9DD6-4C9A-A4D9-B901BEB0A0C6}.GenerateClients|Any CPU.Build.0 = Debug|Any CPU
		{7A4E9672-9DD6-4C9A-A4D9-B901BEB0A0C6}.Release|Any CPU.ActiveCfg = Release|Any CPU
		{7A4E9672-9DD6-4C9A-A4D9-B901BEB0A0C6}.Release|Any CPU.Build.0 = Release|Any CPU
		{4EEDEF6F-7AD0-49B5-87F8-3AA0DE9516A6}.Debug|Any CPU.ActiveCfg = Debug|Any CPU
		{4EEDEF6F-7AD0-49B5-87F8-3AA0DE9516A6}.Debug|Any CPU.Build.0 = Debug|Any CPU
		{4EEDEF6F-7AD0-49B5-87F8-3AA0DE9516A6}.GenerateClients|Any CPU.ActiveCfg = Debug|Any CPU
		{4EEDEF6F-7AD0-49B5-87F8-3AA0DE9516A6}.GenerateClients|Any CPU.Build.0 = Debug|Any CPU
		{4EEDEF6F-7AD0-49B5-87F8-3AA0DE9516A6}.Release|Any CPU.ActiveCfg = Release|Any CPU
		{4EEDEF6F-7AD0-49B5-87F8-3AA0DE9516A6}.Release|Any CPU.Build.0 = Release|Any CPU
		{25E3B859-3080-4DC6-856D-78CA14C2F537}.Debug|Any CPU.ActiveCfg = Debug|Any CPU
		{25E3B859-3080-4DC6-856D-78CA14C2F537}.Debug|Any CPU.Build.0 = Debug|Any CPU
		{25E3B859-3080-4DC6-856D-78CA14C2F537}.GenerateClients|Any CPU.ActiveCfg = Debug|Any CPU
		{25E3B859-3080-4DC6-856D-78CA14C2F537}.GenerateClients|Any CPU.Build.0 = Debug|Any CPU
		{25E3B859-3080-4DC6-856D-78CA14C2F537}.Release|Any CPU.ActiveCfg = Release|Any CPU
		{25E3B859-3080-4DC6-856D-78CA14C2F537}.Release|Any CPU.Build.0 = Release|Any CPU
		{638CA198-720A-46D6-97BF-ACCC967ED4C3}.Debug|Any CPU.ActiveCfg = Debug|Any CPU
		{638CA198-720A-46D6-97BF-ACCC967ED4C3}.Debug|Any CPU.Build.0 = Debug|Any CPU
		{638CA198-720A-46D6-97BF-ACCC967ED4C3}.GenerateClients|Any CPU.ActiveCfg = GenerateClients|Any CPU
		{638CA198-720A-46D6-97BF-ACCC967ED4C3}.GenerateClients|Any CPU.Build.0 = GenerateClients|Any CPU
		{638CA198-720A-46D6-97BF-ACCC967ED4C3}.Release|Any CPU.ActiveCfg = Release|Any CPU
		{638CA198-720A-46D6-97BF-ACCC967ED4C3}.Release|Any CPU.Build.0 = Release|Any CPU
		{E21D3359-26CE-487F-A828-00634CC61EA0}.Debug|Any CPU.ActiveCfg = Debug|Any CPU
		{E21D3359-26CE-487F-A828-00634CC61EA0}.Debug|Any CPU.Build.0 = Debug|Any CPU
		{E21D3359-26CE-487F-A828-00634CC61EA0}.GenerateClients|Any CPU.ActiveCfg = Debug|Any CPU
		{E21D3359-26CE-487F-A828-00634CC61EA0}.GenerateClients|Any CPU.Build.0 = Debug|Any CPU
		{E21D3359-26CE-487F-A828-00634CC61EA0}.Release|Any CPU.ActiveCfg = Release|Any CPU
		{E21D3359-26CE-487F-A828-00634CC61EA0}.Release|Any CPU.Build.0 = Release|Any CPU
		{151F648C-B2D0-42D7-B884-22DB0ABB82A1}.Debug|Any CPU.ActiveCfg = Debug|Any CPU
		{151F648C-B2D0-42D7-B884-22DB0ABB82A1}.Debug|Any CPU.Build.0 = Debug|Any CPU
		{151F648C-B2D0-42D7-B884-22DB0ABB82A1}.GenerateClients|Any CPU.ActiveCfg = Debug|Any CPU
		{151F648C-B2D0-42D7-B884-22DB0ABB82A1}.GenerateClients|Any CPU.Build.0 = Debug|Any CPU
		{151F648C-B2D0-42D7-B884-22DB0ABB82A1}.Release|Any CPU.ActiveCfg = Release|Any CPU
		{151F648C-B2D0-42D7-B884-22DB0ABB82A1}.Release|Any CPU.Build.0 = Release|Any CPU
		{852DA7A6-AFE8-4BD1-9A46-56A7C3244AC1}.Debug|Any CPU.ActiveCfg = Debug|Any CPU
		{852DA7A6-AFE8-4BD1-9A46-56A7C3244AC1}.Debug|Any CPU.Build.0 = Debug|Any CPU
		{852DA7A6-AFE8-4BD1-9A46-56A7C3244AC1}.GenerateClients|Any CPU.ActiveCfg = Debug|Any CPU
		{852DA7A6-AFE8-4BD1-9A46-56A7C3244AC1}.GenerateClients|Any CPU.Build.0 = Debug|Any CPU
		{852DA7A6-AFE8-4BD1-9A46-56A7C3244AC1}.Release|Any CPU.ActiveCfg = Release|Any CPU
		{852DA7A6-AFE8-4BD1-9A46-56A7C3244AC1}.Release|Any CPU.Build.0 = Release|Any CPU
		{0287A1E2-F41E-4051-B3D1-AAFF699A8853}.Debug|Any CPU.ActiveCfg = Debug|Any CPU
		{0287A1E2-F41E-4051-B3D1-AAFF699A8853}.Debug|Any CPU.Build.0 = Debug|Any CPU
		{0287A1E2-F41E-4051-B3D1-AAFF699A8853}.GenerateClients|Any CPU.ActiveCfg = GenerateClients|Any CPU
		{0287A1E2-F41E-4051-B3D1-AAFF699A8853}.GenerateClients|Any CPU.Build.0 = GenerateClients|Any CPU
		{0287A1E2-F41E-4051-B3D1-AAFF699A8853}.Release|Any CPU.ActiveCfg = Release|Any CPU
		{0287A1E2-F41E-4051-B3D1-AAFF699A8853}.Release|Any CPU.Build.0 = Release|Any CPU
		{73D159DE-53BF-48F4-8409-36F63587CED5}.Debug|Any CPU.ActiveCfg = Debug|Any CPU
		{73D159DE-53BF-48F4-8409-36F63587CED5}.Debug|Any CPU.Build.0 = Debug|Any CPU
		{73D159DE-53BF-48F4-8409-36F63587CED5}.GenerateClients|Any CPU.ActiveCfg = Debug|Any CPU
		{73D159DE-53BF-48F4-8409-36F63587CED5}.GenerateClients|Any CPU.Build.0 = Debug|Any CPU
		{73D159DE-53BF-48F4-8409-36F63587CED5}.Release|Any CPU.ActiveCfg = Release|Any CPU
		{73D159DE-53BF-48F4-8409-36F63587CED5}.Release|Any CPU.Build.0 = Release|Any CPU
		{FD440DB4-B544-4C2F-AE21-1289B7DD300E}.Debug|Any CPU.ActiveCfg = Debug|Any CPU
		{FD440DB4-B544-4C2F-AE21-1289B7DD300E}.Debug|Any CPU.Build.0 = Debug|Any CPU
		{FD440DB4-B544-4C2F-AE21-1289B7DD300E}.GenerateClients|Any CPU.ActiveCfg = Debug|Any CPU
		{FD440DB4-B544-4C2F-AE21-1289B7DD300E}.GenerateClients|Any CPU.Build.0 = Debug|Any CPU
		{FD440DB4-B544-4C2F-AE21-1289B7DD300E}.Release|Any CPU.ActiveCfg = Release|Any CPU
		{FD440DB4-B544-4C2F-AE21-1289B7DD300E}.Release|Any CPU.Build.0 = Release|Any CPU
		{B41E58ED-E09D-455D-B5F6-3E0F2DC7E9A6}.Debug|Any CPU.ActiveCfg = Debug|Any CPU
		{B41E58ED-E09D-455D-B5F6-3E0F2DC7E9A6}.Debug|Any CPU.Build.0 = Debug|Any CPU
		{B41E58ED-E09D-455D-B5F6-3E0F2DC7E9A6}.GenerateClients|Any CPU.ActiveCfg = Debug|Any CPU
		{B41E58ED-E09D-455D-B5F6-3E0F2DC7E9A6}.GenerateClients|Any CPU.Build.0 = Debug|Any CPU
		{B41E58ED-E09D-455D-B5F6-3E0F2DC7E9A6}.Release|Any CPU.ActiveCfg = Release|Any CPU
		{B41E58ED-E09D-455D-B5F6-3E0F2DC7E9A6}.Release|Any CPU.Build.0 = Release|Any CPU
		{668B6107-6C64-4B34-B441-5704983CD9F4}.Debug|Any CPU.ActiveCfg = Debug|Any CPU
		{668B6107-6C64-4B34-B441-5704983CD9F4}.Debug|Any CPU.Build.0 = Debug|Any CPU
		{668B6107-6C64-4B34-B441-5704983CD9F4}.GenerateClients|Any CPU.ActiveCfg = Debug|Any CPU
		{668B6107-6C64-4B34-B441-5704983CD9F4}.GenerateClients|Any CPU.Build.0 = Debug|Any CPU
		{668B6107-6C64-4B34-B441-5704983CD9F4}.Release|Any CPU.ActiveCfg = Release|Any CPU
		{668B6107-6C64-4B34-B441-5704983CD9F4}.Release|Any CPU.Build.0 = Release|Any CPU
		{7BC7D825-9C1A-495B-AE83-04D6823844C5}.Debug|Any CPU.ActiveCfg = Debug|Any CPU
		{7BC7D825-9C1A-495B-AE83-04D6823844C5}.Debug|Any CPU.Build.0 = Debug|Any CPU
		{7BC7D825-9C1A-495B-AE83-04D6823844C5}.GenerateClients|Any CPU.ActiveCfg = GenerateClients|Any CPU
		{7BC7D825-9C1A-495B-AE83-04D6823844C5}.GenerateClients|Any CPU.Build.0 = GenerateClients|Any CPU
		{7BC7D825-9C1A-495B-AE83-04D6823844C5}.Release|Any CPU.ActiveCfg = Release|Any CPU
		{7BC7D825-9C1A-495B-AE83-04D6823844C5}.Release|Any CPU.Build.0 = Release|Any CPU
		{2F728F70-0E8C-4333-8F1F-8A10F6EA3D9F}.Debug|Any CPU.ActiveCfg = Debug|Any CPU
		{2F728F70-0E8C-4333-8F1F-8A10F6EA3D9F}.Debug|Any CPU.Build.0 = Debug|Any CPU
		{2F728F70-0E8C-4333-8F1F-8A10F6EA3D9F}.GenerateClients|Any CPU.ActiveCfg = Debug|Any CPU
		{2F728F70-0E8C-4333-8F1F-8A10F6EA3D9F}.GenerateClients|Any CPU.Build.0 = Debug|Any CPU
		{2F728F70-0E8C-4333-8F1F-8A10F6EA3D9F}.Release|Any CPU.ActiveCfg = Release|Any CPU
		{2F728F70-0E8C-4333-8F1F-8A10F6EA3D9F}.Release|Any CPU.Build.0 = Release|Any CPU
		{F99C1F03-3C94-4B66-B2D5-A9E564BE31BC}.Debug|Any CPU.ActiveCfg = Debug|Any CPU
		{F99C1F03-3C94-4B66-B2D5-A9E564BE31BC}.Debug|Any CPU.Build.0 = Debug|Any CPU
		{F99C1F03-3C94-4B66-B2D5-A9E564BE31BC}.GenerateClients|Any CPU.ActiveCfg = Debug|Any CPU
		{F99C1F03-3C94-4B66-B2D5-A9E564BE31BC}.GenerateClients|Any CPU.Build.0 = Debug|Any CPU
		{F99C1F03-3C94-4B66-B2D5-A9E564BE31BC}.Release|Any CPU.ActiveCfg = Release|Any CPU
		{F99C1F03-3C94-4B66-B2D5-A9E564BE31BC}.Release|Any CPU.Build.0 = Release|Any CPU
	EndGlobalSection
	GlobalSection(SolutionProperties) = preSolution
		HideSolutionNode = FALSE
	EndGlobalSection
	GlobalSection(NestedProjects) = preSolution
		{724CDA85-1E13-45F8-A31B-E11C6BEE706A} = {2F3F3AAD-1659-49EF-942B-F0CF5B9E9F4B}
		{B88A835C-C229-4CAF-BDBA-36CE20A003EA} = {2F3F3AAD-1659-49EF-942B-F0CF5B9E9F4B}
		{4885BEB6-5FB5-4A3A-85CA-4F265DF7D291} = {2F3F3AAD-1659-49EF-942B-F0CF5B9E9F4B}
		{B58C021C-7297-48C9-9857-4B4C0E856CF4} = {2F3F3AAD-1659-49EF-942B-F0CF5B9E9F4B}
		{7B9A30CF-2521-4B4C-9BE5-2B92D40FDDCA} = {47A3A027-45D0-44EA-95F2-D775D0C97686}
		{2C1BA5D8-E1EA-4867-BABD-37E0349E9F7D} = {47A3A027-45D0-44EA-95F2-D775D0C97686}
		{3284A7B8-3F0F-4B56-A5DE-6C13782F3E0C} = {2C1BA5D8-E1EA-4867-BABD-37E0349E9F7D}
		{6789739B-A80B-4F7D-8D99-B4EF8D2BA51E} = {724CDA85-1E13-45F8-A31B-E11C6BEE706A}
		{717D6CC3-A33E-4B54-9240-74F787098CD7} = {724CDA85-1E13-45F8-A31B-E11C6BEE706A}
		{6C559C09-67CB-40ED-8DA0-EC28F450BD8A} = {724CDA85-1E13-45F8-A31B-E11C6BEE706A}
		{28F41442-D767-4F19-A517-549D716B4CDD} = {724CDA85-1E13-45F8-A31B-E11C6BEE706A}
		{86122982-B054-4507-9EAD-4D904D357E3E} = {724CDA85-1E13-45F8-A31B-E11C6BEE706A}
		{883166F4-F6B5-41B8-9FC1-F408BCE6C354} = {B88A835C-C229-4CAF-BDBA-36CE20A003EA}
		{1FA2D437-3885-4C88-9FBB-9F83353FEEAE} = {B88A835C-C229-4CAF-BDBA-36CE20A003EA}
		{BEC6008D-2DC7-4B89-B91B-D0987F620CBA} = {B88A835C-C229-4CAF-BDBA-36CE20A003EA}
		{0BB7903B-01D0-4734-ACFA-29C46AE998DB} = {B88A835C-C229-4CAF-BDBA-36CE20A003EA}
		{7988D7BD-2549-4207-8189-7C4B52E8146A} = {B88A835C-C229-4CAF-BDBA-36CE20A003EA}
		{A54CE7C7-A9D6-40C3-9510-5F2236C04384} = {B88A835C-C229-4CAF-BDBA-36CE20A003EA}
		{B8F0D832-C52B-4B0F-A2C3-4B27547C23E9} = {4885BEB6-5FB5-4A3A-85CA-4F265DF7D291}
		{1541EB56-142F-45E1-B4DC-BDD7F7502700} = {4885BEB6-5FB5-4A3A-85CA-4F265DF7D291}
		{94084070-CB97-46F9-AC30-A94966B0A87A} = {4885BEB6-5FB5-4A3A-85CA-4F265DF7D291}
		{EDA2C19A-9484-4864-A859-2D613E2F0B08} = {4885BEB6-5FB5-4A3A-85CA-4F265DF7D291}
		{E34AD85A-9404-4890-B685-FCFBD03846E6} = {4885BEB6-5FB5-4A3A-85CA-4F265DF7D291}
		{41B8CD7C-6529-40D1-BDAB-794E040B2D37} = {4885BEB6-5FB5-4A3A-85CA-4F265DF7D291}
		{7A4E9672-9DD6-4C9A-A4D9-B901BEB0A0C6} = {B58C021C-7297-48C9-9857-4B4C0E856CF4}
		{4EEDEF6F-7AD0-49B5-87F8-3AA0DE9516A6} = {B58C021C-7297-48C9-9857-4B4C0E856CF4}
		{25E3B859-3080-4DC6-856D-78CA14C2F537} = {B58C021C-7297-48C9-9857-4B4C0E856CF4}
		{638CA198-720A-46D6-97BF-ACCC967ED4C3} = {B58C021C-7297-48C9-9857-4B4C0E856CF4}
		{E21D3359-26CE-487F-A828-00634CC61EA0} = {7B9A30CF-2521-4B4C-9BE5-2B92D40FDDCA}
		{151F648C-B2D0-42D7-B884-22DB0ABB82A1} = {3284A7B8-3F0F-4B56-A5DE-6C13782F3E0C}
		{852DA7A6-AFE8-4BD1-9A46-56A7C3244AC1} = {47A3A027-45D0-44EA-95F2-D775D0C97686}
		{F750F89A-9FB2-497B-BE36-0C685076C2CF} = {2F3F3AAD-1659-49EF-942B-F0CF5B9E9F4B}
		{0287A1E2-F41E-4051-B3D1-AAFF699A8853} = {F750F89A-9FB2-497B-BE36-0C685076C2CF}
		{73D159DE-53BF-48F4-8409-36F63587CED5} = {F750F89A-9FB2-497B-BE36-0C685076C2CF}
		{AAA311E5-CD84-4E27-8F40-F82AE599D3E0} = {2F3F3AAD-1659-49EF-942B-F0CF5B9E9F4B}
		{FD440DB4-B544-4C2F-AE21-1289B7DD300E} = {AAA311E5-CD84-4E27-8F40-F82AE599D3E0}
		{B41E58ED-E09D-455D-B5F6-3E0F2DC7E9A6} = {AAA311E5-CD84-4E27-8F40-F82AE599D3E0}
		{668B6107-6C64-4B34-B441-5704983CD9F4} = {AAA311E5-CD84-4E27-8F40-F82AE599D3E0}
		{7BC7D825-9C1A-495B-AE83-04D6823844C5} = {AAA311E5-CD84-4E27-8F40-F82AE599D3E0}
		{2F728F70-0E8C-4333-8F1F-8A10F6EA3D9F} = {AAA311E5-CD84-4E27-8F40-F82AE599D3E0}
		{F99C1F03-3C94-4B66-B2D5-A9E564BE31BC} = {AAA311E5-CD84-4E27-8F40-F82AE599D3E0}
	EndGlobalSection
	GlobalSection(ExtensibilityGlobals) = postSolution
		SolutionGuid = {0E917AFB-AF19-41C1-9F0B-17BD02FD96BE}
	EndGlobalSection
EndGlobal
