Microsoft Visual Studio Solution File, Format Version 12.00
# Visual Studio Version 17
VisualStudioVersion = 17.8.34212.112
MinimumVisualStudioVersion = 10.0.40219.1
Project("{2150E333-8FDC-42A3-9474-1A3956D46DE8}") = "Solution Items", "Solution Items", "{036A7B56-BAAC-41A9-A38D-9B96688E0B50}"
	ProjectSection(SolutionItems) = preProject
		.editorconfig = .editorconfig
		.gitignore = .gitignore
		Directory.Build.props = Directory.Build.props
		DirectStiffnessMethodCheatSheet.md = DirectStiffnessMethodCheatSheet.md
		.github\workflows\integrate.yml = .github\workflows\integrate.yml
		README.md = README.md
	EndProjectSection
EndProject
Project("{2150E333-8FDC-42A3-9474-1A3956D46DE8}") = "PhysicalModel", "PhysicalModel", "{C98CCB50-6C71-4241-993B-C6B86BB59C5C}"
EndProject
Project("{2150E333-8FDC-42A3-9474-1A3956D46DE8}") = "DirectStiffnessMethod", "DirectStiffnessMethod", "{546F702C-44DE-4950-9EC0-7A2D045B6441}"
EndProject
Project("{2150E333-8FDC-42A3-9474-1A3956D46DE8}") = "Common", "Common", "{1FCCD156-2A73-4393-B516-8AD77FD49F5B}"
EndProject
Project("{2150E333-8FDC-42A3-9474-1A3956D46DE8}") = "UnitTests", "UnitTests", "{33262038-A7CA-4051-B269-CC56FC668095}"
EndProject
Project("{2150E333-8FDC-42A3-9474-1A3956D46DE8}") = "DirectStiffnessMethod", "DirectStiffnessMethod", "{AC242513-7F6C-45D5-9B1A-BEB0834B36F5}"
EndProject
Project("{9A19103F-16F7-4668-BE54-9A1E7A4F7556}") = "BeamOS.DirectStiffnessMethod.Domain.UnitTests", "Tests\UnitTests\DirectStiffnessMethod\BeamOS.DirectStiffnessMethod.UnitTests\BeamOS.DirectStiffnessMethod.Domain.UnitTests.csproj", "{64B6B20A-3EA7-4DAC-804B-19C0EB54C28C}"
EndProject
Project("{2150E333-8FDC-42A3-9474-1A3956D46DE8}") = "src", "src", "{1B95EC59-D4FE-4C61-AC5B-D44C3A7D62A3}"
EndProject
Project("{2150E333-8FDC-42A3-9474-1A3956D46DE8}") = "tests", "tests", "{13EB1A87-EDE0-405D-9DAE-2D70307CDADD}"
EndProject
Project("{9A19103F-16F7-4668-BE54-9A1E7A4F7556}") = "BeamOS.Common.Api", "src\BeamOS.Common\BeamOS.Common.Api\BeamOS.Common.Api.csproj", "{3A8A30C6-6AC0-44A5-8816-E207D242882A}"
EndProject
Project("{9A19103F-16F7-4668-BE54-9A1E7A4F7556}") = "BeamOS.Common.Application", "src\BeamOS.Common\BeamOS.Common.Application\BeamOS.Common.Application.csproj", "{5AD47E72-0805-4C42-84D0-DB6E91AE5F64}"
EndProject
Project("{9A19103F-16F7-4668-BE54-9A1E7A4F7556}") = "BeamOS.Common.Contracts", "src\BeamOS.Common\BeamOS.Common.Contracts\BeamOS.Common.Contracts.csproj", "{C6C88BC4-02E2-4FC3-BC62-B486CF604AD2}"
EndProject
Project("{9A19103F-16F7-4668-BE54-9A1E7A4F7556}") = "BeamOS.Common.Domain", "src\BeamOS.Common\BeamOS.Common.Domain\BeamOS.Common.Domain.csproj", "{E0DBC1C2-3127-42A1-B2D5-EBD031A9E05A}"
EndProject
Project("{9A19103F-16F7-4668-BE54-9A1E7A4F7556}") = "BeamOS.Common.Infrastructure", "src\BeamOS.Common\BeamOS.Common.Infrastructure\BeamOS.Common.Infrastructure.csproj", "{F4A4BF9B-2EF6-43D0-A6DF-93040F714326}"
EndProject
Project("{9A19103F-16F7-4668-BE54-9A1E7A4F7556}") = "BeamOS.DirectStiffnessMethod.Api", "src\BeamOS.DirectStiffnessMethod\BeamOS.DirectStiffnessMethod.Api\BeamOS.DirectStiffnessMethod.Api.csproj", "{E57BCF75-56D0-458E-9B55-59090C7670E1}"
EndProject
Project("{9A19103F-16F7-4668-BE54-9A1E7A4F7556}") = "BeamOS.DirectStiffnessMethod.Application", "src\BeamOS.DirectStiffnessMethod\BeamOS.DirectStiffnessMethod.Application\BeamOS.DirectStiffnessMethod.Application.csproj", "{2D66A7D3-0A22-43A9-96A1-2E2D53F154E6}"
EndProject
Project("{9A19103F-16F7-4668-BE54-9A1E7A4F7556}") = "BeamOS.DirectStiffnessMethod.Contracts", "src\BeamOS.DirectStiffnessMethod\BeamOS.DirectStiffnessMethod.Contracts\BeamOS.DirectStiffnessMethod.Contracts.csproj", "{2C2C0B7A-A846-4708-A2C2-695CD2C76937}"
EndProject
Project("{9A19103F-16F7-4668-BE54-9A1E7A4F7556}") = "BeamOS.DirectStiffnessMethod.Domain", "src\BeamOS.DirectStiffnessMethod\BeamOS.DirectStiffnessMethod.Domain\BeamOS.DirectStiffnessMethod.Domain.csproj", "{AAC55402-F809-444C-82F5-81D52E57C5B4}"
EndProject
Project("{9A19103F-16F7-4668-BE54-9A1E7A4F7556}") = "BeamOS.DirectStiffnessMethod.Infrastructure", "src\BeamOS.DirectStiffnessMethod\BeamOS.DirectStiffnessMethod.Infrastructure\BeamOS.DirectStiffnessMethod.Infrastructure.csproj", "{93D4030A-2B2E-4BB9-99CD-BB83A12CB4D0}"
EndProject
Project("{9A19103F-16F7-4668-BE54-9A1E7A4F7556}") = "BeamOS.PhysicalModel.Api", "src\BeamOS.PhysicalModel\BeamOS.PhysicalModel.Api\BeamOS.PhysicalModel.Api.csproj", "{863B6FC5-1FFA-4916-A061-4A5CAFBCC7AA}"
EndProject
Project("{9A19103F-16F7-4668-BE54-9A1E7A4F7556}") = "BeamOS.PhysicalModel.Application", "src\BeamOS.PhysicalModel\BeamOS.PhysicalModel.Application\BeamOS.PhysicalModel.Application.csproj", "{9BD08C78-B1F0-44D8-AB9B-17525D69C794}"
EndProject
Project("{9A19103F-16F7-4668-BE54-9A1E7A4F7556}") = "BeamOS.PhysicalModel.Contracts", "src\BeamOS.PhysicalModel\BeamOS.PhysicalModel.Contracts\BeamOS.PhysicalModel.Contracts.csproj", "{131D115F-59FA-4818-820B-77AD92F69D09}"
EndProject
Project("{9A19103F-16F7-4668-BE54-9A1E7A4F7556}") = "BeamOS.PhysicalModel.Domain", "src\BeamOS.PhysicalModel\BeamOS.PhysicalModel.Domain\BeamOS.PhysicalModel.Domain.csproj", "{CA910758-2658-4438-B554-71823AECC023}"
EndProject
Project("{9A19103F-16F7-4668-BE54-9A1E7A4F7556}") = "BeamOS.PhysicalModel.Infrastructure", "src\BeamOS.PhysicalModel\BeamOS.PhysicalModel.Infrastructure\BeamOS.PhysicalModel.Infrastructure.csproj", "{7436C5B8-96EE-466F-BA5E-8552EC5CF1BE}"
EndProject
Project("{2150E333-8FDC-42A3-9474-1A3956D46DE8}") = "WebApp", "WebApp", "{77427417-1926-4C1B-8DE1-BEEF741084F4}"
EndProject
Project("{FAE04EC0-301F-11D3-BF4B-00C04F79EFBC}") = "BeamOS", "src\BeamOS.WebApp\BeamOS\BeamOS\BeamOS.csproj", "{A233DBE1-8D8B-4D96-A989-395C46101E26}"
EndProject
Project("{FAE04EC0-301F-11D3-BF4B-00C04F79EFBC}") = "BeamOS.Client", "src\BeamOS.WebApp\BeamOS\BeamOS.Client\BeamOS.Client.csproj", "{31FDC4B4-9304-40EF-A5A8-45FAF99F1F1A}"
EndProject
Global
	GlobalSection(SolutionConfigurationPlatforms) = preSolution
		Debug|Any CPU = Debug|Any CPU
		Release|Any CPU = Release|Any CPU
	EndGlobalSection
	GlobalSection(ProjectConfigurationPlatforms) = postSolution
		{64B6B20A-3EA7-4DAC-804B-19C0EB54C28C}.Debug|Any CPU.ActiveCfg = Debug|Any CPU
		{64B6B20A-3EA7-4DAC-804B-19C0EB54C28C}.Debug|Any CPU.Build.0 = Debug|Any CPU
		{64B6B20A-3EA7-4DAC-804B-19C0EB54C28C}.Release|Any CPU.ActiveCfg = Release|Any CPU
		{64B6B20A-3EA7-4DAC-804B-19C0EB54C28C}.Release|Any CPU.Build.0 = Release|Any CPU
		{3A8A30C6-6AC0-44A5-8816-E207D242882A}.Debug|Any CPU.ActiveCfg = Debug|Any CPU
		{3A8A30C6-6AC0-44A5-8816-E207D242882A}.Debug|Any CPU.Build.0 = Debug|Any CPU
		{3A8A30C6-6AC0-44A5-8816-E207D242882A}.Release|Any CPU.ActiveCfg = Release|Any CPU
		{3A8A30C6-6AC0-44A5-8816-E207D242882A}.Release|Any CPU.Build.0 = Release|Any CPU
		{5AD47E72-0805-4C42-84D0-DB6E91AE5F64}.Debug|Any CPU.ActiveCfg = Debug|Any CPU
		{5AD47E72-0805-4C42-84D0-DB6E91AE5F64}.Debug|Any CPU.Build.0 = Debug|Any CPU
		{5AD47E72-0805-4C42-84D0-DB6E91AE5F64}.Release|Any CPU.ActiveCfg = Release|Any CPU
		{5AD47E72-0805-4C42-84D0-DB6E91AE5F64}.Release|Any CPU.Build.0 = Release|Any CPU
		{C6C88BC4-02E2-4FC3-BC62-B486CF604AD2}.Debug|Any CPU.ActiveCfg = Debug|Any CPU
		{C6C88BC4-02E2-4FC3-BC62-B486CF604AD2}.Debug|Any CPU.Build.0 = Debug|Any CPU
		{C6C88BC4-02E2-4FC3-BC62-B486CF604AD2}.Release|Any CPU.ActiveCfg = Release|Any CPU
		{C6C88BC4-02E2-4FC3-BC62-B486CF604AD2}.Release|Any CPU.Build.0 = Release|Any CPU
		{E0DBC1C2-3127-42A1-B2D5-EBD031A9E05A}.Debug|Any CPU.ActiveCfg = Debug|Any CPU
		{E0DBC1C2-3127-42A1-B2D5-EBD031A9E05A}.Debug|Any CPU.Build.0 = Debug|Any CPU
		{E0DBC1C2-3127-42A1-B2D5-EBD031A9E05A}.Release|Any CPU.ActiveCfg = Release|Any CPU
		{E0DBC1C2-3127-42A1-B2D5-EBD031A9E05A}.Release|Any CPU.Build.0 = Release|Any CPU
		{F4A4BF9B-2EF6-43D0-A6DF-93040F714326}.Debug|Any CPU.ActiveCfg = Debug|Any CPU
		{F4A4BF9B-2EF6-43D0-A6DF-93040F714326}.Debug|Any CPU.Build.0 = Debug|Any CPU
		{F4A4BF9B-2EF6-43D0-A6DF-93040F714326}.Release|Any CPU.ActiveCfg = Release|Any CPU
		{F4A4BF9B-2EF6-43D0-A6DF-93040F714326}.Release|Any CPU.Build.0 = Release|Any CPU
		{E57BCF75-56D0-458E-9B55-59090C7670E1}.Debug|Any CPU.ActiveCfg = Debug|Any CPU
		{E57BCF75-56D0-458E-9B55-59090C7670E1}.Debug|Any CPU.Build.0 = Debug|Any CPU
		{E57BCF75-56D0-458E-9B55-59090C7670E1}.Release|Any CPU.ActiveCfg = Release|Any CPU
		{E57BCF75-56D0-458E-9B55-59090C7670E1}.Release|Any CPU.Build.0 = Release|Any CPU
		{2D66A7D3-0A22-43A9-96A1-2E2D53F154E6}.Debug|Any CPU.ActiveCfg = Debug|Any CPU
		{2D66A7D3-0A22-43A9-96A1-2E2D53F154E6}.Debug|Any CPU.Build.0 = Debug|Any CPU
		{2D66A7D3-0A22-43A9-96A1-2E2D53F154E6}.Release|Any CPU.ActiveCfg = Release|Any CPU
		{2D66A7D3-0A22-43A9-96A1-2E2D53F154E6}.Release|Any CPU.Build.0 = Release|Any CPU
		{2C2C0B7A-A846-4708-A2C2-695CD2C76937}.Debug|Any CPU.ActiveCfg = Debug|Any CPU
		{2C2C0B7A-A846-4708-A2C2-695CD2C76937}.Debug|Any CPU.Build.0 = Debug|Any CPU
		{2C2C0B7A-A846-4708-A2C2-695CD2C76937}.Release|Any CPU.ActiveCfg = Release|Any CPU
		{2C2C0B7A-A846-4708-A2C2-695CD2C76937}.Release|Any CPU.Build.0 = Release|Any CPU
		{AAC55402-F809-444C-82F5-81D52E57C5B4}.Debug|Any CPU.ActiveCfg = Debug|Any CPU
		{AAC55402-F809-444C-82F5-81D52E57C5B4}.Debug|Any CPU.Build.0 = Debug|Any CPU
		{AAC55402-F809-444C-82F5-81D52E57C5B4}.Release|Any CPU.ActiveCfg = Release|Any CPU
		{AAC55402-F809-444C-82F5-81D52E57C5B4}.Release|Any CPU.Build.0 = Release|Any CPU
		{93D4030A-2B2E-4BB9-99CD-BB83A12CB4D0}.Debug|Any CPU.ActiveCfg = Debug|Any CPU
		{93D4030A-2B2E-4BB9-99CD-BB83A12CB4D0}.Debug|Any CPU.Build.0 = Debug|Any CPU
		{93D4030A-2B2E-4BB9-99CD-BB83A12CB4D0}.Release|Any CPU.ActiveCfg = Release|Any CPU
		{93D4030A-2B2E-4BB9-99CD-BB83A12CB4D0}.Release|Any CPU.Build.0 = Release|Any CPU
		{863B6FC5-1FFA-4916-A061-4A5CAFBCC7AA}.Debug|Any CPU.ActiveCfg = Debug|Any CPU
		{863B6FC5-1FFA-4916-A061-4A5CAFBCC7AA}.Debug|Any CPU.Build.0 = Debug|Any CPU
		{863B6FC5-1FFA-4916-A061-4A5CAFBCC7AA}.Release|Any CPU.ActiveCfg = Release|Any CPU
		{863B6FC5-1FFA-4916-A061-4A5CAFBCC7AA}.Release|Any CPU.Build.0 = Release|Any CPU
		{9BD08C78-B1F0-44D8-AB9B-17525D69C794}.Debug|Any CPU.ActiveCfg = Debug|Any CPU
		{9BD08C78-B1F0-44D8-AB9B-17525D69C794}.Debug|Any CPU.Build.0 = Debug|Any CPU
		{9BD08C78-B1F0-44D8-AB9B-17525D69C794}.Release|Any CPU.ActiveCfg = Release|Any CPU
		{9BD08C78-B1F0-44D8-AB9B-17525D69C794}.Release|Any CPU.Build.0 = Release|Any CPU
		{131D115F-59FA-4818-820B-77AD92F69D09}.Debug|Any CPU.ActiveCfg = Debug|Any CPU
		{131D115F-59FA-4818-820B-77AD92F69D09}.Debug|Any CPU.Build.0 = Debug|Any CPU
		{131D115F-59FA-4818-820B-77AD92F69D09}.Release|Any CPU.ActiveCfg = Release|Any CPU
		{131D115F-59FA-4818-820B-77AD92F69D09}.Release|Any CPU.Build.0 = Release|Any CPU
		{CA910758-2658-4438-B554-71823AECC023}.Debug|Any CPU.ActiveCfg = Debug|Any CPU
		{CA910758-2658-4438-B554-71823AECC023}.Debug|Any CPU.Build.0 = Debug|Any CPU
		{CA910758-2658-4438-B554-71823AECC023}.Release|Any CPU.ActiveCfg = Release|Any CPU
		{CA910758-2658-4438-B554-71823AECC023}.Release|Any CPU.Build.0 = Release|Any CPU
		{7436C5B8-96EE-466F-BA5E-8552EC5CF1BE}.Debug|Any CPU.ActiveCfg = Debug|Any CPU
		{7436C5B8-96EE-466F-BA5E-8552EC5CF1BE}.Debug|Any CPU.Build.0 = Debug|Any CPU
		{7436C5B8-96EE-466F-BA5E-8552EC5CF1BE}.Release|Any CPU.ActiveCfg = Release|Any CPU
		{7436C5B8-96EE-466F-BA5E-8552EC5CF1BE}.Release|Any CPU.Build.0 = Release|Any CPU
		{A233DBE1-8D8B-4D96-A989-395C46101E26}.Debug|Any CPU.ActiveCfg = Debug|Any CPU
		{A233DBE1-8D8B-4D96-A989-395C46101E26}.Debug|Any CPU.Build.0 = Debug|Any CPU
		{A233DBE1-8D8B-4D96-A989-395C46101E26}.Release|Any CPU.ActiveCfg = Release|Any CPU
		{A233DBE1-8D8B-4D96-A989-395C46101E26}.Release|Any CPU.Build.0 = Release|Any CPU
		{31FDC4B4-9304-40EF-A5A8-45FAF99F1F1A}.Debug|Any CPU.ActiveCfg = Debug|Any CPU
		{31FDC4B4-9304-40EF-A5A8-45FAF99F1F1A}.Debug|Any CPU.Build.0 = Debug|Any CPU
		{31FDC4B4-9304-40EF-A5A8-45FAF99F1F1A}.Release|Any CPU.ActiveCfg = Release|Any CPU
		{31FDC4B4-9304-40EF-A5A8-45FAF99F1F1A}.Release|Any CPU.Build.0 = Release|Any CPU
	EndGlobalSection
	GlobalSection(SolutionProperties) = preSolution
		HideSolutionNode = FALSE
	EndGlobalSection
	GlobalSection(NestedProjects) = preSolution
		{C98CCB50-6C71-4241-993B-C6B86BB59C5C} = {1B95EC59-D4FE-4C61-AC5B-D44C3A7D62A3}
		{546F702C-44DE-4950-9EC0-7A2D045B6441} = {1B95EC59-D4FE-4C61-AC5B-D44C3A7D62A3}
		{1FCCD156-2A73-4393-B516-8AD77FD49F5B} = {1B95EC59-D4FE-4C61-AC5B-D44C3A7D62A3}
		{33262038-A7CA-4051-B269-CC56FC668095} = {13EB1A87-EDE0-405D-9DAE-2D70307CDADD}
		{AC242513-7F6C-45D5-9B1A-BEB0834B36F5} = {33262038-A7CA-4051-B269-CC56FC668095}
		{64B6B20A-3EA7-4DAC-804B-19C0EB54C28C} = {AC242513-7F6C-45D5-9B1A-BEB0834B36F5}
		{3A8A30C6-6AC0-44A5-8816-E207D242882A} = {1FCCD156-2A73-4393-B516-8AD77FD49F5B}
		{5AD47E72-0805-4C42-84D0-DB6E91AE5F64} = {1FCCD156-2A73-4393-B516-8AD77FD49F5B}
		{C6C88BC4-02E2-4FC3-BC62-B486CF604AD2} = {1FCCD156-2A73-4393-B516-8AD77FD49F5B}
		{E0DBC1C2-3127-42A1-B2D5-EBD031A9E05A} = {1FCCD156-2A73-4393-B516-8AD77FD49F5B}
		{F4A4BF9B-2EF6-43D0-A6DF-93040F714326} = {1FCCD156-2A73-4393-B516-8AD77FD49F5B}
		{E57BCF75-56D0-458E-9B55-59090C7670E1} = {546F702C-44DE-4950-9EC0-7A2D045B6441}
		{2D66A7D3-0A22-43A9-96A1-2E2D53F154E6} = {546F702C-44DE-4950-9EC0-7A2D045B6441}
		{2C2C0B7A-A846-4708-A2C2-695CD2C76937} = {546F702C-44DE-4950-9EC0-7A2D045B6441}
		{AAC55402-F809-444C-82F5-81D52E57C5B4} = {546F702C-44DE-4950-9EC0-7A2D045B6441}
		{93D4030A-2B2E-4BB9-99CD-BB83A12CB4D0} = {546F702C-44DE-4950-9EC0-7A2D045B6441}
		{863B6FC5-1FFA-4916-A061-4A5CAFBCC7AA} = {C98CCB50-6C71-4241-993B-C6B86BB59C5C}
		{9BD08C78-B1F0-44D8-AB9B-17525D69C794} = {C98CCB50-6C71-4241-993B-C6B86BB59C5C}
		{131D115F-59FA-4818-820B-77AD92F69D09} = {C98CCB50-6C71-4241-993B-C6B86BB59C5C}
		{CA910758-2658-4438-B554-71823AECC023} = {C98CCB50-6C71-4241-993B-C6B86BB59C5C}
		{7436C5B8-96EE-466F-BA5E-8552EC5CF1BE} = {C98CCB50-6C71-4241-993B-C6B86BB59C5C}
		{77427417-1926-4C1B-8DE1-BEEF741084F4} = {1B95EC59-D4FE-4C61-AC5B-D44C3A7D62A3}
		{A233DBE1-8D8B-4D96-A989-395C46101E26} = {77427417-1926-4C1B-8DE1-BEEF741084F4}
		{31FDC4B4-9304-40EF-A5A8-45FAF99F1F1A} = {77427417-1926-4C1B-8DE1-BEEF741084F4}
	EndGlobalSection
	GlobalSection(ExtensibilityGlobals) = postSolution
		SolutionGuid = {DCC0AF93-F9F0-490C-9F01-0DDF9F09494F}
	EndGlobalSection
EndGlobal
