
Microsoft Visual Studio Solution File, Format Version 12.00
# Visual Studio Version 17
VisualStudioVersion = 17.11.35005.142
MinimumVisualStudioVersion = 10.0.40219.1
Project("{9A19103F-16F7-4668-BE54-9A1E7A4F7556}") = "BeamOs.Build.TestResultCreation", "BeamOs.Build.TestResultCreation\BeamOs.Build.TestResultCreation.csproj", "{7E6CF634-BED3-48D5-A3F0-4C31BF143590}"
EndProject
Project("{2150E333-8FDC-42A3-9474-1A3956D46DE8}") = "BeamOsReferenced", "BeamOsReferenced", "{54B57E02-E75B-4747-9045-27B6B3BC8A68}"
EndProject
Project("{9A19103F-16F7-4668-BE54-9A1E7A4F7556}") = "BeamOs.Tests.TestRunner", "..\tests\BeamOs.Tests.TestRunner\BeamOs.Tests.TestRunner.csproj", "{B3A0085D-BE34-4728-9BC3-AB1AC77CF3BD}"
EndProject
Global
	GlobalSection(SolutionConfigurationPlatforms) = preSolution
		Debug|Any CPU = Debug|Any CPU
		Release|Any CPU = Release|Any CPU
	EndGlobalSection
	GlobalSection(ProjectConfigurationPlatforms) = postSolution
		{7E6CF634-BED3-48D5-A3F0-4C31BF143590}.Debug|Any CPU.ActiveCfg = Debug|Any CPU
		{7E6CF634-BED3-48D5-A3F0-4C31BF143590}.Debug|Any CPU.Build.0 = Debug|Any CPU
		{7E6CF634-BED3-48D5-A3F0-4C31BF143590}.Release|Any CPU.ActiveCfg = Release|Any CPU
		{7E6CF634-BED3-48D5-A3F0-4C31BF143590}.Release|Any CPU.Build.0 = Release|Any CPU
		{B3A0085D-BE34-4728-9BC3-AB1AC77CF3BD}.Debug|Any CPU.ActiveCfg = Debug|Any CPU
		{B3A0085D-BE34-4728-9BC3-AB1AC77CF3BD}.Debug|Any CPU.Build.0 = Debug|Any CPU
		{B3A0085D-BE34-4728-9BC3-AB1AC77CF3BD}.Release|Any CPU.ActiveCfg = Release|Any CPU
		{B3A0085D-BE34-4728-9BC3-AB1AC77CF3BD}.Release|Any CPU.Build.0 = Release|Any CPU
	EndGlobalSection
	GlobalSection(SolutionProperties) = preSolution
		HideSolutionNode = FALSE
	EndGlobalSection
	GlobalSection(NestedProjects) = preSolution
		{B3A0085D-BE34-4728-9BC3-AB1AC77CF3BD} = {54B57E02-E75B-4747-9045-27B6B3BC8A68}
	EndGlobalSection
	GlobalSection(ExtensibilityGlobals) = postSolution
		SolutionGuid = {A7D68B7F-9DA8-4937-A649-19A0B3303027}
	EndGlobalSection
EndGlobal
